
Microsoft Visual Studio Solution File, Format Version 12.00
# Visual Studio 14
VisualStudioVersion = 14.0.24720.0
MinimumVisualStudioVersion = 10.0.40219.1
Project("{FAE04EC0-301F-11D3-BF4B-00C04F79EFBC}") = "XF_Stopwatch.Droid", "XF_Stopwatch\XF_Stopwatch.Droid\XF_Stopwatch.Droid.csproj", "{FDA403DE-5098-4598-B5A3-74F7DEAD3C84}"
EndProject
Project("{FAE04EC0-301F-11D3-BF4B-00C04F79EFBC}") = "XF_Stopwatch.iOS", "XF_Stopwatch\XF_Stopwatch.iOS\XF_Stopwatch.iOS.csproj", "{8E12FCB6-0590-4129-996B-6B356CA460F4}"
EndProject
Project("{FAE04EC0-301F-11D3-BF4B-00C04F79EFBC}") = "XF_Stopwatch.WinPhone", "XF_Stopwatch\XF_Stopwatch.WinPhone\XF_Stopwatch.WinPhone.csproj", "{BDCE6E6E-E55F-49A3-8A4D-E55445899BEF}"
EndProject
Project("{FAE04EC0-301F-11D3-BF4B-00C04F79EFBC}") = "XF_Stopwatch", "XF_Stopwatch\XF_Stopwatch\XF_Stopwatch.csproj", "{83697845-6D7D-4A54-9EDD-9507BA2A9B86}"
EndProject
Project("{FAE04EC0-301F-11D3-BF4B-00C04F79EFBC}") = "XF_Stopwatch.UWP", "XF_Stopwatch\XF_Stopwatch.UWP\XF_Stopwatch.UWP.csproj", "{F4791499-17E3-4F1B-8255-3E155B1B4E61}"
EndProject
Global
	GlobalSection(SolutionConfigurationPlatforms) = preSolution
		Ad-Hoc|Any CPU = Ad-Hoc|Any CPU
		Ad-Hoc|ARM = Ad-Hoc|ARM
		Ad-Hoc|iPhone = Ad-Hoc|iPhone
		Ad-Hoc|iPhoneSimulator = Ad-Hoc|iPhoneSimulator
		Ad-Hoc|x64 = Ad-Hoc|x64
		Ad-Hoc|x86 = Ad-Hoc|x86
		AppStore|Any CPU = AppStore|Any CPU
		AppStore|ARM = AppStore|ARM
		AppStore|iPhone = AppStore|iPhone
		AppStore|iPhoneSimulator = AppStore|iPhoneSimulator
		AppStore|x64 = AppStore|x64
		AppStore|x86 = AppStore|x86
		Debug|Any CPU = Debug|Any CPU
		Debug|ARM = Debug|ARM
		Debug|iPhone = Debug|iPhone
		Debug|iPhoneSimulator = Debug|iPhoneSimulator
		Debug|x64 = Debug|x64
		Debug|x86 = Debug|x86
		Release|Any CPU = Release|Any CPU
		Release|ARM = Release|ARM
		Release|iPhone = Release|iPhone
		Release|iPhoneSimulator = Release|iPhoneSimulator
		Release|x64 = Release|x64
		Release|x86 = Release|x86
	EndGlobalSection
	GlobalSection(ProjectConfigurationPlatforms) = postSolution
		{FDA403DE-5098-4598-B5A3-74F7DEAD3C84}.Ad-Hoc|Any CPU.ActiveCfg = Release|Any CPU
		{FDA403DE-5098-4598-B5A3-74F7DEAD3C84}.Ad-Hoc|Any CPU.Build.0 = Release|Any CPU
		{FDA403DE-5098-4598-B5A3-74F7DEAD3C84}.Ad-Hoc|Any CPU.Deploy.0 = Release|Any CPU
		{FDA403DE-5098-4598-B5A3-74F7DEAD3C84}.Ad-Hoc|ARM.ActiveCfg = Release|Any CPU
		{FDA403DE-5098-4598-B5A3-74F7DEAD3C84}.Ad-Hoc|ARM.Build.0 = Release|Any CPU
		{FDA403DE-5098-4598-B5A3-74F7DEAD3C84}.Ad-Hoc|ARM.Deploy.0 = Release|Any CPU
		{FDA403DE-5098-4598-B5A3-74F7DEAD3C84}.Ad-Hoc|iPhone.ActiveCfg = Release|Any CPU
		{FDA403DE-5098-4598-B5A3-74F7DEAD3C84}.Ad-Hoc|iPhone.Build.0 = Release|Any CPU
		{FDA403DE-5098-4598-B5A3-74F7DEAD3C84}.Ad-Hoc|iPhone.Deploy.0 = Release|Any CPU
		{FDA403DE-5098-4598-B5A3-74F7DEAD3C84}.Ad-Hoc|iPhoneSimulator.ActiveCfg = Release|Any CPU
		{FDA403DE-5098-4598-B5A3-74F7DEAD3C84}.Ad-Hoc|iPhoneSimulator.Build.0 = Release|Any CPU
		{FDA403DE-5098-4598-B5A3-74F7DEAD3C84}.Ad-Hoc|iPhoneSimulator.Deploy.0 = Release|Any CPU
		{FDA403DE-5098-4598-B5A3-74F7DEAD3C84}.Ad-Hoc|x64.ActiveCfg = Debug|Any CPU
		{FDA403DE-5098-4598-B5A3-74F7DEAD3C84}.Ad-Hoc|x64.Build.0 = Debug|Any CPU
		{FDA403DE-5098-4598-B5A3-74F7DEAD3C84}.Ad-Hoc|x64.Deploy.0 = Debug|Any CPU
		{FDA403DE-5098-4598-B5A3-74F7DEAD3C84}.Ad-Hoc|x86.ActiveCfg = Release|Any CPU
		{FDA403DE-5098-4598-B5A3-74F7DEAD3C84}.Ad-Hoc|x86.Build.0 = Release|Any CPU
		{FDA403DE-5098-4598-B5A3-74F7DEAD3C84}.Ad-Hoc|x86.Deploy.0 = Release|Any CPU
		{FDA403DE-5098-4598-B5A3-74F7DEAD3C84}.AppStore|Any CPU.ActiveCfg = Release|Any CPU
		{FDA403DE-5098-4598-B5A3-74F7DEAD3C84}.AppStore|Any CPU.Build.0 = Release|Any CPU
		{FDA403DE-5098-4598-B5A3-74F7DEAD3C84}.AppStore|Any CPU.Deploy.0 = Release|Any CPU
		{FDA403DE-5098-4598-B5A3-74F7DEAD3C84}.AppStore|ARM.ActiveCfg = Release|Any CPU
		{FDA403DE-5098-4598-B5A3-74F7DEAD3C84}.AppStore|ARM.Build.0 = Release|Any CPU
		{FDA403DE-5098-4598-B5A3-74F7DEAD3C84}.AppStore|ARM.Deploy.0 = Release|Any CPU
		{FDA403DE-5098-4598-B5A3-74F7DEAD3C84}.AppStore|iPhone.ActiveCfg = Release|Any CPU
		{FDA403DE-5098-4598-B5A3-74F7DEAD3C84}.AppStore|iPhone.Build.0 = Release|Any CPU
		{FDA403DE-5098-4598-B5A3-74F7DEAD3C84}.AppStore|iPhone.Deploy.0 = Release|Any CPU
		{FDA403DE-5098-4598-B5A3-74F7DEAD3C84}.AppStore|iPhoneSimulator.ActiveCfg = Release|Any CPU
		{FDA403DE-5098-4598-B5A3-74F7DEAD3C84}.AppStore|iPhoneSimulator.Build.0 = Release|Any CPU
		{FDA403DE-5098-4598-B5A3-74F7DEAD3C84}.AppStore|iPhoneSimulator.Deploy.0 = Release|Any CPU
		{FDA403DE-5098-4598-B5A3-74F7DEAD3C84}.AppStore|x64.ActiveCfg = Debug|Any CPU
		{FDA403DE-5098-4598-B5A3-74F7DEAD3C84}.AppStore|x64.Build.0 = Debug|Any CPU
		{FDA403DE-5098-4598-B5A3-74F7DEAD3C84}.AppStore|x64.Deploy.0 = Debug|Any CPU
		{FDA403DE-5098-4598-B5A3-74F7DEAD3C84}.AppStore|x86.ActiveCfg = Release|Any CPU
		{FDA403DE-5098-4598-B5A3-74F7DEAD3C84}.AppStore|x86.Build.0 = Release|Any CPU
		{FDA403DE-5098-4598-B5A3-74F7DEAD3C84}.AppStore|x86.Deploy.0 = Release|Any CPU
		{FDA403DE-5098-4598-B5A3-74F7DEAD3C84}.Debug|Any CPU.ActiveCfg = Debug|Any CPU
		{FDA403DE-5098-4598-B5A3-74F7DEAD3C84}.Debug|Any CPU.Build.0 = Debug|Any CPU
		{FDA403DE-5098-4598-B5A3-74F7DEAD3C84}.Debug|Any CPU.Deploy.0 = Debug|Any CPU
		{FDA403DE-5098-4598-B5A3-74F7DEAD3C84}.Debug|ARM.ActiveCfg = Debug|Any CPU
		{FDA403DE-5098-4598-B5A3-74F7DEAD3C84}.Debug|ARM.Build.0 = Debug|Any CPU
		{FDA403DE-5098-4598-B5A3-74F7DEAD3C84}.Debug|ARM.Deploy.0 = Debug|Any CPU
		{FDA403DE-5098-4598-B5A3-74F7DEAD3C84}.Debug|iPhone.ActiveCfg = Debug|Any CPU
		{FDA403DE-5098-4598-B5A3-74F7DEAD3C84}.Debug|iPhone.Build.0 = Debug|Any CPU
		{FDA403DE-5098-4598-B5A3-74F7DEAD3C84}.Debug|iPhone.Deploy.0 = Debug|Any CPU
		{FDA403DE-5098-4598-B5A3-74F7DEAD3C84}.Debug|iPhoneSimulator.ActiveCfg = Debug|Any CPU
		{FDA403DE-5098-4598-B5A3-74F7DEAD3C84}.Debug|iPhoneSimulator.Build.0 = Debug|Any CPU
		{FDA403DE-5098-4598-B5A3-74F7DEAD3C84}.Debug|iPhoneSimulator.Deploy.0 = Debug|Any CPU
		{FDA403DE-5098-4598-B5A3-74F7DEAD3C84}.Debug|x64.ActiveCfg = Debug|Any CPU
		{FDA403DE-5098-4598-B5A3-74F7DEAD3C84}.Debug|x64.Build.0 = Debug|Any CPU
		{FDA403DE-5098-4598-B5A3-74F7DEAD3C84}.Debug|x64.Deploy.0 = Debug|Any CPU
		{FDA403DE-5098-4598-B5A3-74F7DEAD3C84}.Debug|x86.ActiveCfg = Debug|Any CPU
		{FDA403DE-5098-4598-B5A3-74F7DEAD3C84}.Debug|x86.Build.0 = Debug|Any CPU
		{FDA403DE-5098-4598-B5A3-74F7DEAD3C84}.Debug|x86.Deploy.0 = Debug|Any CPU
		{FDA403DE-5098-4598-B5A3-74F7DEAD3C84}.Release|Any CPU.ActiveCfg = Release|Any CPU
		{FDA403DE-5098-4598-B5A3-74F7DEAD3C84}.Release|Any CPU.Build.0 = Release|Any CPU
		{FDA403DE-5098-4598-B5A3-74F7DEAD3C84}.Release|Any CPU.Deploy.0 = Release|Any CPU
		{FDA403DE-5098-4598-B5A3-74F7DEAD3C84}.Release|ARM.ActiveCfg = Release|Any CPU
		{FDA403DE-5098-4598-B5A3-74F7DEAD3C84}.Release|ARM.Build.0 = Release|Any CPU
		{FDA403DE-5098-4598-B5A3-74F7DEAD3C84}.Release|ARM.Deploy.0 = Release|Any CPU
		{FDA403DE-5098-4598-B5A3-74F7DEAD3C84}.Release|iPhone.ActiveCfg = Release|Any CPU
		{FDA403DE-5098-4598-B5A3-74F7DEAD3C84}.Release|iPhone.Build.0 = Release|Any CPU
		{FDA403DE-5098-4598-B5A3-74F7DEAD3C84}.Release|iPhone.Deploy.0 = Release|Any CPU
		{FDA403DE-5098-4598-B5A3-74F7DEAD3C84}.Release|iPhoneSimulator.ActiveCfg = Release|Any CPU
		{FDA403DE-5098-4598-B5A3-74F7DEAD3C84}.Release|iPhoneSimulator.Build.0 = Release|Any CPU
		{FDA403DE-5098-4598-B5A3-74F7DEAD3C84}.Release|iPhoneSimulator.Deploy.0 = Release|Any CPU
		{FDA403DE-5098-4598-B5A3-74F7DEAD3C84}.Release|x64.ActiveCfg = Release|Any CPU
		{FDA403DE-5098-4598-B5A3-74F7DEAD3C84}.Release|x64.Build.0 = Release|Any CPU
		{FDA403DE-5098-4598-B5A3-74F7DEAD3C84}.Release|x64.Deploy.0 = Release|Any CPU
		{FDA403DE-5098-4598-B5A3-74F7DEAD3C84}.Release|x86.ActiveCfg = Release|Any CPU
		{FDA403DE-5098-4598-B5A3-74F7DEAD3C84}.Release|x86.Build.0 = Release|Any CPU
		{FDA403DE-5098-4598-B5A3-74F7DEAD3C84}.Release|x86.Deploy.0 = Release|Any CPU
		{8E12FCB6-0590-4129-996B-6B356CA460F4}.Ad-Hoc|Any CPU.ActiveCfg = Ad-Hoc|iPhone
		{8E12FCB6-0590-4129-996B-6B356CA460F4}.Ad-Hoc|ARM.ActiveCfg = Ad-Hoc|iPhone
		{8E12FCB6-0590-4129-996B-6B356CA460F4}.Ad-Hoc|iPhone.ActiveCfg = Ad-Hoc|iPhone
		{8E12FCB6-0590-4129-996B-6B356CA460F4}.Ad-Hoc|iPhone.Build.0 = Ad-Hoc|iPhone
		{8E12FCB6-0590-4129-996B-6B356CA460F4}.Ad-Hoc|iPhoneSimulator.ActiveCfg = Ad-Hoc|iPhoneSimulator
		{8E12FCB6-0590-4129-996B-6B356CA460F4}.Ad-Hoc|iPhoneSimulator.Build.0 = Ad-Hoc|iPhoneSimulator
		{8E12FCB6-0590-4129-996B-6B356CA460F4}.Ad-Hoc|x64.ActiveCfg = Ad-Hoc|iPhoneSimulator
		{8E12FCB6-0590-4129-996B-6B356CA460F4}.Ad-Hoc|x86.ActiveCfg = Ad-Hoc|iPhone
		{8E12FCB6-0590-4129-996B-6B356CA460F4}.AppStore|Any CPU.ActiveCfg = AppStore|iPhone
		{8E12FCB6-0590-4129-996B-6B356CA460F4}.AppStore|ARM.ActiveCfg = AppStore|iPhone
		{8E12FCB6-0590-4129-996B-6B356CA460F4}.AppStore|iPhone.ActiveCfg = AppStore|iPhone
		{8E12FCB6-0590-4129-996B-6B356CA460F4}.AppStore|iPhone.Build.0 = AppStore|iPhone
		{8E12FCB6-0590-4129-996B-6B356CA460F4}.AppStore|iPhoneSimulator.ActiveCfg = AppStore|iPhoneSimulator
		{8E12FCB6-0590-4129-996B-6B356CA460F4}.AppStore|iPhoneSimulator.Build.0 = AppStore|iPhoneSimulator
		{8E12FCB6-0590-4129-996B-6B356CA460F4}.AppStore|x64.ActiveCfg = AppStore|iPhoneSimulator
		{8E12FCB6-0590-4129-996B-6B356CA460F4}.AppStore|x86.ActiveCfg = AppStore|iPhone
		{8E12FCB6-0590-4129-996B-6B356CA460F4}.Debug|Any CPU.ActiveCfg = Debug|iPhone
		{8E12FCB6-0590-4129-996B-6B356CA460F4}.Debug|ARM.ActiveCfg = Debug|iPhone
		{8E12FCB6-0590-4129-996B-6B356CA460F4}.Debug|iPhone.ActiveCfg = Debug|iPhone
		{8E12FCB6-0590-4129-996B-6B356CA460F4}.Debug|iPhone.Build.0 = Debug|iPhone
		{8E12FCB6-0590-4129-996B-6B356CA460F4}.Debug|iPhoneSimulator.ActiveCfg = Debug|iPhoneSimulator
		{8E12FCB6-0590-4129-996B-6B356CA460F4}.Debug|iPhoneSimulator.Build.0 = Debug|iPhoneSimulator
		{8E12FCB6-0590-4129-996B-6B356CA460F4}.Debug|x64.ActiveCfg = Debug|iPhoneSimulator
		{8E12FCB6-0590-4129-996B-6B356CA460F4}.Debug|x86.ActiveCfg = Debug|iPhone
		{8E12FCB6-0590-4129-996B-6B356CA460F4}.Release|Any CPU.ActiveCfg = Release|iPhone
		{8E12FCB6-0590-4129-996B-6B356CA460F4}.Release|ARM.ActiveCfg = Release|iPhone
		{8E12FCB6-0590-4129-996B-6B356CA460F4}.Release|iPhone.ActiveCfg = Release|iPhone
		{8E12FCB6-0590-4129-996B-6B356CA460F4}.Release|iPhone.Build.0 = Release|iPhone
		{8E12FCB6-0590-4129-996B-6B356CA460F4}.Release|iPhoneSimulator.ActiveCfg = Release|iPhoneSimulator
		{8E12FCB6-0590-4129-996B-6B356CA460F4}.Release|iPhoneSimulator.Build.0 = Release|iPhoneSimulator
		{8E12FCB6-0590-4129-996B-6B356CA460F4}.Release|x64.ActiveCfg = Release|iPhoneSimulator
		{8E12FCB6-0590-4129-996B-6B356CA460F4}.Release|x86.ActiveCfg = Release|iPhone
		{BDCE6E6E-E55F-49A3-8A4D-E55445899BEF}.Ad-Hoc|Any CPU.ActiveCfg = Release|Any CPU
		{BDCE6E6E-E55F-49A3-8A4D-E55445899BEF}.Ad-Hoc|Any CPU.Build.0 = Release|Any CPU
		{BDCE6E6E-E55F-49A3-8A4D-E55445899BEF}.Ad-Hoc|Any CPU.Deploy.0 = Release|Any CPU
		{BDCE6E6E-E55F-49A3-8A4D-E55445899BEF}.Ad-Hoc|ARM.ActiveCfg = Release|ARM
		{BDCE6E6E-E55F-49A3-8A4D-E55445899BEF}.Ad-Hoc|ARM.Build.0 = Release|ARM
		{BDCE6E6E-E55F-49A3-8A4D-E55445899BEF}.Ad-Hoc|ARM.Deploy.0 = Release|ARM
		{BDCE6E6E-E55F-49A3-8A4D-E55445899BEF}.Ad-Hoc|iPhone.ActiveCfg = Release|Any CPU
		{BDCE6E6E-E55F-49A3-8A4D-E55445899BEF}.Ad-Hoc|iPhone.Build.0 = Release|Any CPU
		{BDCE6E6E-E55F-49A3-8A4D-E55445899BEF}.Ad-Hoc|iPhone.Deploy.0 = Release|Any CPU
		{BDCE6E6E-E55F-49A3-8A4D-E55445899BEF}.Ad-Hoc|iPhoneSimulator.ActiveCfg = Release|Any CPU
		{BDCE6E6E-E55F-49A3-8A4D-E55445899BEF}.Ad-Hoc|iPhoneSimulator.Build.0 = Release|Any CPU
		{BDCE6E6E-E55F-49A3-8A4D-E55445899BEF}.Ad-Hoc|iPhoneSimulator.Deploy.0 = Release|Any CPU
		{BDCE6E6E-E55F-49A3-8A4D-E55445899BEF}.Ad-Hoc|x64.ActiveCfg = Debug|Any CPU
		{BDCE6E6E-E55F-49A3-8A4D-E55445899BEF}.Ad-Hoc|x64.Build.0 = Debug|Any CPU
		{BDCE6E6E-E55F-49A3-8A4D-E55445899BEF}.Ad-Hoc|x64.Deploy.0 = Debug|Any CPU
		{BDCE6E6E-E55F-49A3-8A4D-E55445899BEF}.Ad-Hoc|x86.ActiveCfg = Release|x86
		{BDCE6E6E-E55F-49A3-8A4D-E55445899BEF}.Ad-Hoc|x86.Build.0 = Release|x86
		{BDCE6E6E-E55F-49A3-8A4D-E55445899BEF}.Ad-Hoc|x86.Deploy.0 = Release|x86
		{BDCE6E6E-E55F-49A3-8A4D-E55445899BEF}.AppStore|Any CPU.ActiveCfg = Release|Any CPU
		{BDCE6E6E-E55F-49A3-8A4D-E55445899BEF}.AppStore|Any CPU.Build.0 = Release|Any CPU
		{BDCE6E6E-E55F-49A3-8A4D-E55445899BEF}.AppStore|Any CPU.Deploy.0 = Release|Any CPU
		{BDCE6E6E-E55F-49A3-8A4D-E55445899BEF}.AppStore|ARM.ActiveCfg = Release|ARM
		{BDCE6E6E-E55F-49A3-8A4D-E55445899BEF}.AppStore|ARM.Build.0 = Release|ARM
		{BDCE6E6E-E55F-49A3-8A4D-E55445899BEF}.AppStore|ARM.Deploy.0 = Release|ARM
		{BDCE6E6E-E55F-49A3-8A4D-E55445899BEF}.AppStore|iPhone.ActiveCfg = Release|Any CPU
		{BDCE6E6E-E55F-49A3-8A4D-E55445899BEF}.AppStore|iPhone.Build.0 = Release|Any CPU
		{BDCE6E6E-E55F-49A3-8A4D-E55445899BEF}.AppStore|iPhone.Deploy.0 = Release|Any CPU
		{BDCE6E6E-E55F-49A3-8A4D-E55445899BEF}.AppStore|iPhoneSimulator.ActiveCfg = Release|Any CPU
		{BDCE6E6E-E55F-49A3-8A4D-E55445899BEF}.AppStore|iPhoneSimulator.Build.0 = Release|Any CPU
		{BDCE6E6E-E55F-49A3-8A4D-E55445899BEF}.AppStore|iPhoneSimulator.Deploy.0 = Release|Any CPU
		{BDCE6E6E-E55F-49A3-8A4D-E55445899BEF}.AppStore|x64.ActiveCfg = Debug|Any CPU
		{BDCE6E6E-E55F-49A3-8A4D-E55445899BEF}.AppStore|x64.Build.0 = Debug|Any CPU
		{BDCE6E6E-E55F-49A3-8A4D-E55445899BEF}.AppStore|x64.Deploy.0 = Debug|Any CPU
		{BDCE6E6E-E55F-49A3-8A4D-E55445899BEF}.AppStore|x86.ActiveCfg = Release|x86
		{BDCE6E6E-E55F-49A3-8A4D-E55445899BEF}.AppStore|x86.Build.0 = Release|x86
		{BDCE6E6E-E55F-49A3-8A4D-E55445899BEF}.AppStore|x86.Deploy.0 = Release|x86
		{BDCE6E6E-E55F-49A3-8A4D-E55445899BEF}.Debug|Any CPU.ActiveCfg = Debug|Any CPU
		{BDCE6E6E-E55F-49A3-8A4D-E55445899BEF}.Debug|Any CPU.Build.0 = Debug|Any CPU
		{BDCE6E6E-E55F-49A3-8A4D-E55445899BEF}.Debug|Any CPU.Deploy.0 = Debug|Any CPU
		{BDCE6E6E-E55F-49A3-8A4D-E55445899BEF}.Debug|ARM.ActiveCfg = Debug|ARM
		{BDCE6E6E-E55F-49A3-8A4D-E55445899BEF}.Debug|ARM.Build.0 = Debug|ARM
		{BDCE6E6E-E55F-49A3-8A4D-E55445899BEF}.Debug|ARM.Deploy.0 = Debug|ARM
		{BDCE6E6E-E55F-49A3-8A4D-E55445899BEF}.Debug|iPhone.ActiveCfg = Debug|Any CPU
		{BDCE6E6E-E55F-49A3-8A4D-E55445899BEF}.Debug|iPhone.Build.0 = Debug|Any CPU
		{BDCE6E6E-E55F-49A3-8A4D-E55445899BEF}.Debug|iPhone.Deploy.0 = Debug|Any CPU
		{BDCE6E6E-E55F-49A3-8A4D-E55445899BEF}.Debug|iPhoneSimulator.ActiveCfg = Debug|Any CPU
		{BDCE6E6E-E55F-49A3-8A4D-E55445899BEF}.Debug|iPhoneSimulator.Build.0 = Debug|Any CPU
		{BDCE6E6E-E55F-49A3-8A4D-E55445899BEF}.Debug|iPhoneSimulator.Deploy.0 = Debug|Any CPU
		{BDCE6E6E-E55F-49A3-8A4D-E55445899BEF}.Debug|x64.ActiveCfg = Debug|Any CPU
		{BDCE6E6E-E55F-49A3-8A4D-E55445899BEF}.Debug|x64.Build.0 = Debug|Any CPU
		{BDCE6E6E-E55F-49A3-8A4D-E55445899BEF}.Debug|x64.Deploy.0 = Debug|Any CPU
		{BDCE6E6E-E55F-49A3-8A4D-E55445899BEF}.Debug|x86.ActiveCfg = Debug|x86
		{BDCE6E6E-E55F-49A3-8A4D-E55445899BEF}.Debug|x86.Build.0 = Debug|x86
		{BDCE6E6E-E55F-49A3-8A4D-E55445899BEF}.Debug|x86.Deploy.0 = Debug|x86
		{BDCE6E6E-E55F-49A3-8A4D-E55445899BEF}.Release|Any CPU.ActiveCfg = Release|Any CPU
		{BDCE6E6E-E55F-49A3-8A4D-E55445899BEF}.Release|Any CPU.Build.0 = Release|Any CPU
		{BDCE6E6E-E55F-49A3-8A4D-E55445899BEF}.Release|Any CPU.Deploy.0 = Release|Any CPU
		{BDCE6E6E-E55F-49A3-8A4D-E55445899BEF}.Release|ARM.ActiveCfg = Release|ARM
		{BDCE6E6E-E55F-49A3-8A4D-E55445899BEF}.Release|ARM.Build.0 = Release|ARM
		{BDCE6E6E-E55F-49A3-8A4D-E55445899BEF}.Release|ARM.Deploy.0 = Release|ARM
		{BDCE6E6E-E55F-49A3-8A4D-E55445899BEF}.Release|iPhone.ActiveCfg = Release|Any CPU
		{BDCE6E6E-E55F-49A3-8A4D-E55445899BEF}.Release|iPhone.Build.0 = Release|Any CPU
		{BDCE6E6E-E55F-49A3-8A4D-E55445899BEF}.Release|iPhone.Deploy.0 = Release|Any CPU
		{BDCE6E6E-E55F-49A3-8A4D-E55445899BEF}.Release|iPhoneSimulator.ActiveCfg = Release|Any CPU
		{BDCE6E6E-E55F-49A3-8A4D-E55445899BEF}.Release|iPhoneSimulator.Build.0 = Release|Any CPU
		{BDCE6E6E-E55F-49A3-8A4D-E55445899BEF}.Release|iPhoneSimulator.Deploy.0 = Release|Any CPU
		{BDCE6E6E-E55F-49A3-8A4D-E55445899BEF}.Release|x64.ActiveCfg = Release|Any CPU
		{BDCE6E6E-E55F-49A3-8A4D-E55445899BEF}.Release|x64.Build.0 = Release|Any CPU
		{BDCE6E6E-E55F-49A3-8A4D-E55445899BEF}.Release|x64.Deploy.0 = Release|Any CPU
		{BDCE6E6E-E55F-49A3-8A4D-E55445899BEF}.Release|x86.ActiveCfg = Release|x86
		{BDCE6E6E-E55F-49A3-8A4D-E55445899BEF}.Release|x86.Build.0 = Release|x86
		{BDCE6E6E-E55F-49A3-8A4D-E55445899BEF}.Release|x86.Deploy.0 = Release|x86
		{83697845-6D7D-4A54-9EDD-9507BA2A9B86}.Ad-Hoc|Any CPU.ActiveCfg = Release|Any CPU
		{83697845-6D7D-4A54-9EDD-9507BA2A9B86}.Ad-Hoc|Any CPU.Build.0 = Release|Any CPU
		{83697845-6D7D-4A54-9EDD-9507BA2A9B86}.Ad-Hoc|ARM.ActiveCfg = Release|Any CPU
		{83697845-6D7D-4A54-9EDD-9507BA2A9B86}.Ad-Hoc|ARM.Build.0 = Release|Any CPU
		{83697845-6D7D-4A54-9EDD-9507BA2A9B86}.Ad-Hoc|iPhone.ActiveCfg = Release|Any CPU
		{83697845-6D7D-4A54-9EDD-9507BA2A9B86}.Ad-Hoc|iPhone.Build.0 = Release|Any CPU
		{83697845-6D7D-4A54-9EDD-9507BA2A9B86}.Ad-Hoc|iPhoneSimulator.ActiveCfg = Release|Any CPU
		{83697845-6D7D-4A54-9EDD-9507BA2A9B86}.Ad-Hoc|iPhoneSimulator.Build.0 = Release|Any CPU
		{83697845-6D7D-4A54-9EDD-9507BA2A9B86}.Ad-Hoc|x64.ActiveCfg = Debug|Any CPU
		{83697845-6D7D-4A54-9EDD-9507BA2A9B86}.Ad-Hoc|x64.Build.0 = Debug|Any CPU
		{83697845-6D7D-4A54-9EDD-9507BA2A9B86}.Ad-Hoc|x86.ActiveCfg = Release|Any CPU
		{83697845-6D7D-4A54-9EDD-9507BA2A9B86}.Ad-Hoc|x86.Build.0 = Release|Any CPU
		{83697845-6D7D-4A54-9EDD-9507BA2A9B86}.AppStore|Any CPU.ActiveCfg = Release|Any CPU
		{83697845-6D7D-4A54-9EDD-9507BA2A9B86}.AppStore|Any CPU.Build.0 = Release|Any CPU
		{83697845-6D7D-4A54-9EDD-9507BA2A9B86}.AppStore|ARM.ActiveCfg = Release|Any CPU
		{83697845-6D7D-4A54-9EDD-9507BA2A9B86}.AppStore|ARM.Build.0 = Release|Any CPU
		{83697845-6D7D-4A54-9EDD-9507BA2A9B86}.AppStore|iPhone.ActiveCfg = Release|Any CPU
		{83697845-6D7D-4A54-9EDD-9507BA2A9B86}.AppStore|iPhone.Build.0 = Release|Any CPU
		{83697845-6D7D-4A54-9EDD-9507BA2A9B86}.AppStore|iPhoneSimulator.ActiveCfg = Release|Any CPU
		{83697845-6D7D-4A54-9EDD-9507BA2A9B86}.AppStore|iPhoneSimulator.Build.0 = Release|Any CPU
		{83697845-6D7D-4A54-9EDD-9507BA2A9B86}.AppStore|x64.ActiveCfg = Debug|Any CPU
		{83697845-6D7D-4A54-9EDD-9507BA2A9B86}.AppStore|x64.Build.0 = Debug|Any CPU
		{83697845-6D7D-4A54-9EDD-9507BA2A9B86}.AppStore|x86.ActiveCfg = Release|Any CPU
		{83697845-6D7D-4A54-9EDD-9507BA2A9B86}.AppStore|x86.Build.0 = Release|Any CPU
		{83697845-6D7D-4A54-9EDD-9507BA2A9B86}.Debug|Any CPU.ActiveCfg = Debug|Any CPU
		{83697845-6D7D-4A54-9EDD-9507BA2A9B86}.Debug|Any CPU.Build.0 = Debug|Any CPU
		{83697845-6D7D-4A54-9EDD-9507BA2A9B86}.Debug|ARM.ActiveCfg = Debug|Any CPU
		{83697845-6D7D-4A54-9EDD-9507BA2A9B86}.Debug|ARM.Build.0 = Debug|Any CPU
		{83697845-6D7D-4A54-9EDD-9507BA2A9B86}.Debug|iPhone.ActiveCfg = Debug|Any CPU
		{83697845-6D7D-4A54-9EDD-9507BA2A9B86}.Debug|iPhone.Build.0 = Debug|Any CPU
		{83697845-6D7D-4A54-9EDD-9507BA2A9B86}.Debug|iPhoneSimulator.ActiveCfg = Debug|Any CPU
		{83697845-6D7D-4A54-9EDD-9507BA2A9B86}.Debug|iPhoneSimulator.Build.0 = Debug|Any CPU
		{83697845-6D7D-4A54-9EDD-9507BA2A9B86}.Debug|x64.ActiveCfg = Debug|Any CPU
		{83697845-6D7D-4A54-9EDD-9507BA2A9B86}.Debug|x64.Build.0 = Debug|Any CPU
		{83697845-6D7D-4A54-9EDD-9507BA2A9B86}.Debug|x86.ActiveCfg = Debug|Any CPU
		{83697845-6D7D-4A54-9EDD-9507BA2A9B86}.Debug|x86.Build.0 = Debug|Any CPU
		{83697845-6D7D-4A54-9EDD-9507BA2A9B86}.Release|Any CPU.ActiveCfg = Release|Any CPU
		{83697845-6D7D-4A54-9EDD-9507BA2A9B86}.Release|Any CPU.Build.0 = Release|Any CPU
		{83697845-6D7D-4A54-9EDD-9507BA2A9B86}.Release|ARM.ActiveCfg = Release|Any CPU
		{83697845-6D7D-4A54-9EDD-9507BA2A9B86}.Release|ARM.Build.0 = Release|Any CPU
		{83697845-6D7D-4A54-9EDD-9507BA2A9B86}.Release|iPhone.ActiveCfg = Release|Any CPU
		{83697845-6D7D-4A54-9EDD-9507BA2A9B86}.Release|iPhone.Build.0 = Release|Any CPU
		{83697845-6D7D-4A54-9EDD-9507BA2A9B86}.Release|iPhoneSimulator.ActiveCfg = Release|Any CPU
		{83697845-6D7D-4A54-9EDD-9507BA2A9B86}.Release|iPhoneSimulator.Build.0 = Release|Any CPU
		{83697845-6D7D-4A54-9EDD-9507BA2A9B86}.Release|x64.ActiveCfg = Release|Any CPU
		{83697845-6D7D-4A54-9EDD-9507BA2A9B86}.Release|x64.Build.0 = Release|Any CPU
		{83697845-6D7D-4A54-9EDD-9507BA2A9B86}.Release|x86.ActiveCfg = Release|Any CPU
		{83697845-6D7D-4A54-9EDD-9507BA2A9B86}.Release|x86.Build.0 = Release|Any CPU
		{F4791499-17E3-4F1B-8255-3E155B1B4E61}.Ad-Hoc|Any CPU.ActiveCfg = Release|x64
		{F4791499-17E3-4F1B-8255-3E155B1B4E61}.Ad-Hoc|Any CPU.Build.0 = Release|x64
		{F4791499-17E3-4F1B-8255-3E155B1B4E61}.Ad-Hoc|Any CPU.Deploy.0 = Release|x64
		{F4791499-17E3-4F1B-8255-3E155B1B4E61}.Ad-Hoc|ARM.ActiveCfg = Release|ARM
		{F4791499-17E3-4F1B-8255-3E155B1B4E61}.Ad-Hoc|ARM.Build.0 = Release|ARM
		{F4791499-17E3-4F1B-8255-3E155B1B4E61}.Ad-Hoc|ARM.Deploy.0 = Release|ARM
		{F4791499-17E3-4F1B-8255-3E155B1B4E61}.Ad-Hoc|iPhone.ActiveCfg = Release|x64
		{F4791499-17E3-4F1B-8255-3E155B1B4E61}.Ad-Hoc|iPhone.Build.0 = Release|x64
		{F4791499-17E3-4F1B-8255-3E155B1B4E61}.Ad-Hoc|iPhone.Deploy.0 = Release|x64
		{F4791499-17E3-4F1B-8255-3E155B1B4E61}.Ad-Hoc|iPhoneSimulator.ActiveCfg = Release|x64
		{F4791499-17E3-4F1B-8255-3E155B1B4E61}.Ad-Hoc|iPhoneSimulator.Build.0 = Release|x64
		{F4791499-17E3-4F1B-8255-3E155B1B4E61}.Ad-Hoc|iPhoneSimulator.Deploy.0 = Release|x64
		{F4791499-17E3-4F1B-8255-3E155B1B4E61}.Ad-Hoc|x64.ActiveCfg = Release|x64
		{F4791499-17E3-4F1B-8255-3E155B1B4E61}.Ad-Hoc|x64.Build.0 = Release|x64
		{F4791499-17E3-4F1B-8255-3E155B1B4E61}.Ad-Hoc|x64.Deploy.0 = Release|x64
		{F4791499-17E3-4F1B-8255-3E155B1B4E61}.Ad-Hoc|x86.ActiveCfg = Release|x86
		{F4791499-17E3-4F1B-8255-3E155B1B4E61}.Ad-Hoc|x86.Build.0 = Release|x86
		{F4791499-17E3-4F1B-8255-3E155B1B4E61}.Ad-Hoc|x86.Deploy.0 = Release|x86
		{F4791499-17E3-4F1B-8255-3E155B1B4E61}.AppStore|Any CPU.ActiveCfg = Release|x64
		{F4791499-17E3-4F1B-8255-3E155B1B4E61}.AppStore|Any CPU.Build.0 = Release|x64
		{F4791499-17E3-4F1B-8255-3E155B1B4E61}.AppStore|Any CPU.Deploy.0 = Release|x64
		{F4791499-17E3-4F1B-8255-3E155B1B4E61}.AppStore|ARM.ActiveCfg = Release|ARM
		{F4791499-17E3-4F1B-8255-3E155B1B4E61}.AppStore|ARM.Build.0 = Release|ARM
		{F4791499-17E3-4F1B-8255-3E155B1B4E61}.AppStore|ARM.Deploy.0 = Release|ARM
		{F4791499-17E3-4F1B-8255-3E155B1B4E61}.AppStore|iPhone.ActiveCfg = Release|x64
		{F4791499-17E3-4F1B-8255-3E155B1B4E61}.AppStore|iPhone.Build.0 = Release|x64
		{F4791499-17E3-4F1B-8255-3E155B1B4E61}.AppStore|iPhone.Deploy.0 = Release|x64
		{F4791499-17E3-4F1B-8255-3E155B1B4E61}.AppStore|iPhoneSimulator.ActiveCfg = Release|x64
		{F4791499-17E3-4F1B-8255-3E155B1B4E61}.AppStore|iPhoneSimulator.Build.0 = Release|x64
		{F4791499-17E3-4F1B-8255-3E155B1B4E61}.AppStore|iPhoneSimulator.Deploy.0 = Release|x64
		{F4791499-17E3-4F1B-8255-3E155B1B4E61}.AppStore|x64.ActiveCfg = Release|x64
		{F4791499-17E3-4F1B-8255-3E155B1B4E61}.AppStore|x64.Build.0 = Release|x64
		{F4791499-17E3-4F1B-8255-3E155B1B4E61}.AppStore|x64.Deploy.0 = Release|x64
		{F4791499-17E3-4F1B-8255-3E155B1B4E61}.AppStore|x86.ActiveCfg = Release|x86
		{F4791499-17E3-4F1B-8255-3E155B1B4E61}.AppStore|x86.Build.0 = Release|x86
		{F4791499-17E3-4F1B-8255-3E155B1B4E61}.AppStore|x86.Deploy.0 = Release|x86
		{F4791499-17E3-4F1B-8255-3E155B1B4E61}.Debug|Any CPU.ActiveCfg = Debug|x86
		{F4791499-17E3-4F1B-8255-3E155B1B4E61}.Debug|Any CPU.Build.0 = Debug|x86
		{F4791499-17E3-4F1B-8255-3E155B1B4E61}.Debug|Any CPU.Deploy.0 = Debug|x86
		{F4791499-17E3-4F1B-8255-3E155B1B4E61}.Debug|ARM.ActiveCfg = Debug|ARM
		{F4791499-17E3-4F1B-8255-3E155B1B4E61}.Debug|ARM.Build.0 = Debug|ARM
		{F4791499-17E3-4F1B-8255-3E155B1B4E61}.Debug|ARM.Deploy.0 = Debug|ARM
		{F4791499-17E3-4F1B-8255-3E155B1B4E61}.Debug|iPhone.ActiveCfg = Debug|x86
		{F4791499-17E3-4F1B-8255-3E155B1B4E61}.Debug|iPhoneSimulator.ActiveCfg = Debug|x86
		{F4791499-17E3-4F1B-8255-3E155B1B4E61}.Debug|iPhoneSimulator.Build.0 = Debug|x86
		{F4791499-17E3-4F1B-8255-3E155B1B4E61}.Debug|iPhoneSimulator.Deploy.0 = Debug|x86
		{F4791499-17E3-4F1B-8255-3E155B1B4E61}.Debug|x64.ActiveCfg = Debug|x64
		{F4791499-17E3-4F1B-8255-3E155B1B4E61}.Debug|x64.Build.0 = Debug|x64
		{F4791499-17E3-4F1B-8255-3E155B1B4E61}.Debug|x64.Deploy.0 = Debug|x64
		{F4791499-17E3-4F1B-8255-3E155B1B4E61}.Debug|x86.ActiveCfg = Debug|x86
		{F4791499-17E3-4F1B-8255-3E155B1B4E61}.Debug|x86.Build.0 = Debug|x86
		{F4791499-17E3-4F1B-8255-3E155B1B4E61}.Debug|x86.Deploy.0 = Debug|x86
		{F4791499-17E3-4F1B-8255-3E155B1B4E61}.Release|Any CPU.ActiveCfg = Release|x86
		{F4791499-17E3-4F1B-8255-3E155B1B4E61}.Release|ARM.ActiveCfg = Release|ARM
		{F4791499-17E3-4F1B-8255-3E155B1B4E61}.Release|ARM.Build.0 = Release|ARM
		{F4791499-17E3-4F1B-8255-3E155B1B4E61}.Release|ARM.Deploy.0 = Release|ARM
		{F4791499-17E3-4F1B-8255-3E155B1B4E61}.Release|iPhone.ActiveCfg = Release|x86
		{F4791499-17E3-4F1B-8255-3E155B1B4E61}.Release|iPhoneSimulator.ActiveCfg = Release|x86
		{F4791499-17E3-4F1B-8255-3E155B1B4E61}.Release|x64.ActiveCfg = Release|x64
		{F4791499-17E3-4F1B-8255-3E155B1B4E61}.Release|x64.Build.0 = Release|x64
		{F4791499-17E3-4F1B-8255-3E155B1B4E61}.Release|x64.Deploy.0 = Release|x64
		{F4791499-17E3-4F1B-8255-3E155B1B4E61}.Release|x86.ActiveCfg = Release|x86
		{F4791499-17E3-4F1B-8255-3E155B1B4E61}.Release|x86.Build.0 = Release|x86
		{F4791499-17E3-4F1B-8255-3E155B1B4E61}.Release|x86.Deploy.0 = Release|x86
	EndGlobalSection
	GlobalSection(SolutionProperties) = preSolution
		HideSolutionNode = FALSE
	EndGlobalSection
EndGlobal
