
Microsoft Visual Studio Solution File, Format Version 12.00
# Visual Studio 14
VisualStudioVersion = 14.0.24720.0
MinimumVisualStudioVersion = 10.0.40219.1
Project("{FAE04EC0-301F-11D3-BF4B-00C04F79EFBC}") = "XF_Stopwatch.Droid", "XF_Stopwatch\XF_Stopwatch.Droid\XF_Stopwatch.Droid.csproj", "{BFEF4EC4-F8D0-480A-919E-3B7EFB664A11}"
EndProject
Project("{FAE04EC0-301F-11D3-BF4B-00C04F79EFBC}") = "XF_Stopwatch.iOS", "XF_Stopwatch\XF_Stopwatch.iOS\XF_Stopwatch.iOS.csproj", "{258AACFE-711C-4725-AE0A-E36A30B97292}"
EndProject
Project("{FAE04EC0-301F-11D3-BF4B-00C04F79EFBC}") = "XF_Stopwatch.WinPhone", "XF_Stopwatch\XF_Stopwatch.WinPhone\XF_Stopwatch.WinPhone.csproj", "{F17F545C-E45F-49A8-A243-77903520E535}"
EndProject
Project("{FAE04EC0-301F-11D3-BF4B-00C04F79EFBC}") = "XF_Stopwatch.UWP", "XF_Stopwatch\XF_Stopwatch.UWP\XF_Stopwatch.UWP.csproj", "{01D86554-7591-4D93-B7F7-5C44E7AFAEA5}"
EndProject
Project("{FAE04EC0-301F-11D3-BF4B-00C04F79EFBC}") = "XF_Stopwatch.Windows", "XF_Stopwatch\XF_Stopwatch.Windows\XF_Stopwatch.Windows.csproj", "{6B5BFBE9-8040-4223-8002-FD1299183665}"
EndProject
Project("{FAE04EC0-301F-11D3-BF4B-00C04F79EFBC}") = "XF_Stopwatch", "XF_Stopwatch\XF_Stopwatch\XF_Stopwatch.csproj", "{7E3E387A-9EE6-461C-A168-D7F80769E86B}"
EndProject
Project("{FAE04EC0-301F-11D3-BF4B-00C04F79EFBC}") = "XF_Stopwatch.Test", "XF_Stopwatch.Test\XF_Stopwatch.Test.csproj", "{6FE6F7A0-379B-4DA7-8662-5FE20B1AD9DF}"
EndProject
Global
	GlobalSection(SolutionConfigurationPlatforms) = preSolution
		Ad-Hoc|Any CPU = Ad-Hoc|Any CPU
		Ad-Hoc|ARM = Ad-Hoc|ARM
		Ad-Hoc|iPhone = Ad-Hoc|iPhone
		Ad-Hoc|iPhoneSimulator = Ad-Hoc|iPhoneSimulator
		Ad-Hoc|x64 = Ad-Hoc|x64
		Ad-Hoc|x86 = Ad-Hoc|x86
		AppStore|Any CPU = AppStore|Any CPU
		AppStore|ARM = AppStore|ARM
		AppStore|iPhone = AppStore|iPhone
		AppStore|iPhoneSimulator = AppStore|iPhoneSimulator
		AppStore|x64 = AppStore|x64
		AppStore|x86 = AppStore|x86
		Debug|Any CPU = Debug|Any CPU
		Debug|ARM = Debug|ARM
		Debug|iPhone = Debug|iPhone
		Debug|iPhoneSimulator = Debug|iPhoneSimulator
		Debug|x64 = Debug|x64
		Debug|x86 = Debug|x86
		Release|Any CPU = Release|Any CPU
		Release|ARM = Release|ARM
		Release|iPhone = Release|iPhone
		Release|iPhoneSimulator = Release|iPhoneSimulator
		Release|x64 = Release|x64
		Release|x86 = Release|x86
	EndGlobalSection
	GlobalSection(ProjectConfigurationPlatforms) = postSolution
		{BFEF4EC4-F8D0-480A-919E-3B7EFB664A11}.Ad-Hoc|Any CPU.ActiveCfg = Release|Any CPU
		{BFEF4EC4-F8D0-480A-919E-3B7EFB664A11}.Ad-Hoc|Any CPU.Build.0 = Release|Any CPU
		{BFEF4EC4-F8D0-480A-919E-3B7EFB664A11}.Ad-Hoc|Any CPU.Deploy.0 = Release|Any CPU
		{BFEF4EC4-F8D0-480A-919E-3B7EFB664A11}.Ad-Hoc|ARM.ActiveCfg = Release|Any CPU
		{BFEF4EC4-F8D0-480A-919E-3B7EFB664A11}.Ad-Hoc|ARM.Build.0 = Release|Any CPU
		{BFEF4EC4-F8D0-480A-919E-3B7EFB664A11}.Ad-Hoc|ARM.Deploy.0 = Release|Any CPU
		{BFEF4EC4-F8D0-480A-919E-3B7EFB664A11}.Ad-Hoc|iPhone.ActiveCfg = Release|Any CPU
		{BFEF4EC4-F8D0-480A-919E-3B7EFB664A11}.Ad-Hoc|iPhone.Build.0 = Release|Any CPU
		{BFEF4EC4-F8D0-480A-919E-3B7EFB664A11}.Ad-Hoc|iPhone.Deploy.0 = Release|Any CPU
		{BFEF4EC4-F8D0-480A-919E-3B7EFB664A11}.Ad-Hoc|iPhoneSimulator.ActiveCfg = Release|Any CPU
		{BFEF4EC4-F8D0-480A-919E-3B7EFB664A11}.Ad-Hoc|iPhoneSimulator.Build.0 = Release|Any CPU
		{BFEF4EC4-F8D0-480A-919E-3B7EFB664A11}.Ad-Hoc|iPhoneSimulator.Deploy.0 = Release|Any CPU
		{BFEF4EC4-F8D0-480A-919E-3B7EFB664A11}.Ad-Hoc|x64.ActiveCfg = Release|Any CPU
		{BFEF4EC4-F8D0-480A-919E-3B7EFB664A11}.Ad-Hoc|x64.Build.0 = Release|Any CPU
		{BFEF4EC4-F8D0-480A-919E-3B7EFB664A11}.Ad-Hoc|x64.Deploy.0 = Release|Any CPU
		{BFEF4EC4-F8D0-480A-919E-3B7EFB664A11}.Ad-Hoc|x86.ActiveCfg = Release|Any CPU
		{BFEF4EC4-F8D0-480A-919E-3B7EFB664A11}.Ad-Hoc|x86.Build.0 = Release|Any CPU
		{BFEF4EC4-F8D0-480A-919E-3B7EFB664A11}.Ad-Hoc|x86.Deploy.0 = Release|Any CPU
		{BFEF4EC4-F8D0-480A-919E-3B7EFB664A11}.AppStore|Any CPU.ActiveCfg = Release|Any CPU
		{BFEF4EC4-F8D0-480A-919E-3B7EFB664A11}.AppStore|Any CPU.Build.0 = Release|Any CPU
		{BFEF4EC4-F8D0-480A-919E-3B7EFB664A11}.AppStore|Any CPU.Deploy.0 = Release|Any CPU
		{BFEF4EC4-F8D0-480A-919E-3B7EFB664A11}.AppStore|ARM.ActiveCfg = Release|Any CPU
		{BFEF4EC4-F8D0-480A-919E-3B7EFB664A11}.AppStore|ARM.Build.0 = Release|Any CPU
		{BFEF4EC4-F8D0-480A-919E-3B7EFB664A11}.AppStore|ARM.Deploy.0 = Release|Any CPU
		{BFEF4EC4-F8D0-480A-919E-3B7EFB664A11}.AppStore|iPhone.ActiveCfg = Release|Any CPU
		{BFEF4EC4-F8D0-480A-919E-3B7EFB664A11}.AppStore|iPhone.Build.0 = Release|Any CPU
		{BFEF4EC4-F8D0-480A-919E-3B7EFB664A11}.AppStore|iPhone.Deploy.0 = Release|Any CPU
		{BFEF4EC4-F8D0-480A-919E-3B7EFB664A11}.AppStore|iPhoneSimulator.ActiveCfg = Release|Any CPU
		{BFEF4EC4-F8D0-480A-919E-3B7EFB664A11}.AppStore|iPhoneSimulator.Build.0 = Release|Any CPU
		{BFEF4EC4-F8D0-480A-919E-3B7EFB664A11}.AppStore|iPhoneSimulator.Deploy.0 = Release|Any CPU
		{BFEF4EC4-F8D0-480A-919E-3B7EFB664A11}.AppStore|x64.ActiveCfg = Release|Any CPU
		{BFEF4EC4-F8D0-480A-919E-3B7EFB664A11}.AppStore|x64.Build.0 = Release|Any CPU
		{BFEF4EC4-F8D0-480A-919E-3B7EFB664A11}.AppStore|x64.Deploy.0 = Release|Any CPU
		{BFEF4EC4-F8D0-480A-919E-3B7EFB664A11}.AppStore|x86.ActiveCfg = Release|Any CPU
		{BFEF4EC4-F8D0-480A-919E-3B7EFB664A11}.AppStore|x86.Build.0 = Release|Any CPU
		{BFEF4EC4-F8D0-480A-919E-3B7EFB664A11}.AppStore|x86.Deploy.0 = Release|Any CPU
		{BFEF4EC4-F8D0-480A-919E-3B7EFB664A11}.Debug|Any CPU.ActiveCfg = Debug|Any CPU
		{BFEF4EC4-F8D0-480A-919E-3B7EFB664A11}.Debug|Any CPU.Build.0 = Debug|Any CPU
		{BFEF4EC4-F8D0-480A-919E-3B7EFB664A11}.Debug|Any CPU.Deploy.0 = Debug|Any CPU
		{BFEF4EC4-F8D0-480A-919E-3B7EFB664A11}.Debug|ARM.ActiveCfg = Debug|Any CPU
		{BFEF4EC4-F8D0-480A-919E-3B7EFB664A11}.Debug|ARM.Build.0 = Debug|Any CPU
		{BFEF4EC4-F8D0-480A-919E-3B7EFB664A11}.Debug|ARM.Deploy.0 = Debug|Any CPU
		{BFEF4EC4-F8D0-480A-919E-3B7EFB664A11}.Debug|iPhone.ActiveCfg = Debug|Any CPU
		{BFEF4EC4-F8D0-480A-919E-3B7EFB664A11}.Debug|iPhone.Build.0 = Debug|Any CPU
		{BFEF4EC4-F8D0-480A-919E-3B7EFB664A11}.Debug|iPhone.Deploy.0 = Debug|Any CPU
		{BFEF4EC4-F8D0-480A-919E-3B7EFB664A11}.Debug|iPhoneSimulator.ActiveCfg = Debug|Any CPU
		{BFEF4EC4-F8D0-480A-919E-3B7EFB664A11}.Debug|iPhoneSimulator.Build.0 = Debug|Any CPU
		{BFEF4EC4-F8D0-480A-919E-3B7EFB664A11}.Debug|iPhoneSimulator.Deploy.0 = Debug|Any CPU
		{BFEF4EC4-F8D0-480A-919E-3B7EFB664A11}.Debug|x64.ActiveCfg = Debug|Any CPU
		{BFEF4EC4-F8D0-480A-919E-3B7EFB664A11}.Debug|x64.Build.0 = Debug|Any CPU
		{BFEF4EC4-F8D0-480A-919E-3B7EFB664A11}.Debug|x64.Deploy.0 = Debug|Any CPU
		{BFEF4EC4-F8D0-480A-919E-3B7EFB664A11}.Debug|x86.ActiveCfg = Debug|Any CPU
		{BFEF4EC4-F8D0-480A-919E-3B7EFB664A11}.Debug|x86.Build.0 = Debug|Any CPU
		{BFEF4EC4-F8D0-480A-919E-3B7EFB664A11}.Debug|x86.Deploy.0 = Debug|Any CPU
		{BFEF4EC4-F8D0-480A-919E-3B7EFB664A11}.Release|Any CPU.ActiveCfg = Release|Any CPU
		{BFEF4EC4-F8D0-480A-919E-3B7EFB664A11}.Release|Any CPU.Build.0 = Release|Any CPU
		{BFEF4EC4-F8D0-480A-919E-3B7EFB664A11}.Release|Any CPU.Deploy.0 = Release|Any CPU
		{BFEF4EC4-F8D0-480A-919E-3B7EFB664A11}.Release|ARM.ActiveCfg = Release|Any CPU
		{BFEF4EC4-F8D0-480A-919E-3B7EFB664A11}.Release|ARM.Build.0 = Release|Any CPU
		{BFEF4EC4-F8D0-480A-919E-3B7EFB664A11}.Release|ARM.Deploy.0 = Release|Any CPU
		{BFEF4EC4-F8D0-480A-919E-3B7EFB664A11}.Release|iPhone.ActiveCfg = Release|Any CPU
		{BFEF4EC4-F8D0-480A-919E-3B7EFB664A11}.Release|iPhone.Build.0 = Release|Any CPU
		{BFEF4EC4-F8D0-480A-919E-3B7EFB664A11}.Release|iPhone.Deploy.0 = Release|Any CPU
		{BFEF4EC4-F8D0-480A-919E-3B7EFB664A11}.Release|iPhoneSimulator.ActiveCfg = Release|Any CPU
		{BFEF4EC4-F8D0-480A-919E-3B7EFB664A11}.Release|iPhoneSimulator.Build.0 = Release|Any CPU
		{BFEF4EC4-F8D0-480A-919E-3B7EFB664A11}.Release|iPhoneSimulator.Deploy.0 = Release|Any CPU
		{BFEF4EC4-F8D0-480A-919E-3B7EFB664A11}.Release|x64.ActiveCfg = Release|Any CPU
		{BFEF4EC4-F8D0-480A-919E-3B7EFB664A11}.Release|x64.Build.0 = Release|Any CPU
		{BFEF4EC4-F8D0-480A-919E-3B7EFB664A11}.Release|x64.Deploy.0 = Release|Any CPU
		{BFEF4EC4-F8D0-480A-919E-3B7EFB664A11}.Release|x86.ActiveCfg = Release|Any CPU
		{BFEF4EC4-F8D0-480A-919E-3B7EFB664A11}.Release|x86.Build.0 = Release|Any CPU
		{BFEF4EC4-F8D0-480A-919E-3B7EFB664A11}.Release|x86.Deploy.0 = Release|Any CPU
		{258AACFE-711C-4725-AE0A-E36A30B97292}.Ad-Hoc|Any CPU.ActiveCfg = Ad-Hoc|iPhone
		{258AACFE-711C-4725-AE0A-E36A30B97292}.Ad-Hoc|ARM.ActiveCfg = Ad-Hoc|iPhone
		{258AACFE-711C-4725-AE0A-E36A30B97292}.Ad-Hoc|iPhone.ActiveCfg = Ad-Hoc|iPhone
		{258AACFE-711C-4725-AE0A-E36A30B97292}.Ad-Hoc|iPhone.Build.0 = Ad-Hoc|iPhone
		{258AACFE-711C-4725-AE0A-E36A30B97292}.Ad-Hoc|iPhoneSimulator.ActiveCfg = Ad-Hoc|iPhoneSimulator
		{258AACFE-711C-4725-AE0A-E36A30B97292}.Ad-Hoc|iPhoneSimulator.Build.0 = Ad-Hoc|iPhoneSimulator
		{258AACFE-711C-4725-AE0A-E36A30B97292}.Ad-Hoc|x64.ActiveCfg = Ad-Hoc|iPhone
		{258AACFE-711C-4725-AE0A-E36A30B97292}.Ad-Hoc|x86.ActiveCfg = Ad-Hoc|iPhone
		{258AACFE-711C-4725-AE0A-E36A30B97292}.AppStore|Any CPU.ActiveCfg = AppStore|iPhone
		{258AACFE-711C-4725-AE0A-E36A30B97292}.AppStore|ARM.ActiveCfg = AppStore|iPhone
		{258AACFE-711C-4725-AE0A-E36A30B97292}.AppStore|iPhone.ActiveCfg = AppStore|iPhone
		{258AACFE-711C-4725-AE0A-E36A30B97292}.AppStore|iPhone.Build.0 = AppStore|iPhone
		{258AACFE-711C-4725-AE0A-E36A30B97292}.AppStore|iPhoneSimulator.ActiveCfg = AppStore|iPhoneSimulator
		{258AACFE-711C-4725-AE0A-E36A30B97292}.AppStore|iPhoneSimulator.Build.0 = AppStore|iPhoneSimulator
		{258AACFE-711C-4725-AE0A-E36A30B97292}.AppStore|x64.ActiveCfg = AppStore|iPhone
		{258AACFE-711C-4725-AE0A-E36A30B97292}.AppStore|x86.ActiveCfg = AppStore|iPhone
		{258AACFE-711C-4725-AE0A-E36A30B97292}.Debug|Any CPU.ActiveCfg = Debug|iPhone
		{258AACFE-711C-4725-AE0A-E36A30B97292}.Debug|ARM.ActiveCfg = Debug|iPhone
		{258AACFE-711C-4725-AE0A-E36A30B97292}.Debug|iPhone.ActiveCfg = Debug|iPhone
		{258AACFE-711C-4725-AE0A-E36A30B97292}.Debug|iPhone.Build.0 = Debug|iPhone
		{258AACFE-711C-4725-AE0A-E36A30B97292}.Debug|iPhoneSimulator.ActiveCfg = Debug|iPhoneSimulator
		{258AACFE-711C-4725-AE0A-E36A30B97292}.Debug|iPhoneSimulator.Build.0 = Debug|iPhoneSimulator
		{258AACFE-711C-4725-AE0A-E36A30B97292}.Debug|x64.ActiveCfg = Debug|iPhone
		{258AACFE-711C-4725-AE0A-E36A30B97292}.Debug|x86.ActiveCfg = Debug|iPhone
		{258AACFE-711C-4725-AE0A-E36A30B97292}.Release|Any CPU.ActiveCfg = Release|iPhone
		{258AACFE-711C-4725-AE0A-E36A30B97292}.Release|ARM.ActiveCfg = Release|iPhone
		{258AACFE-711C-4725-AE0A-E36A30B97292}.Release|iPhone.ActiveCfg = Release|iPhone
		{258AACFE-711C-4725-AE0A-E36A30B97292}.Release|iPhone.Build.0 = Release|iPhone
		{258AACFE-711C-4725-AE0A-E36A30B97292}.Release|iPhoneSimulator.ActiveCfg = Release|iPhoneSimulator
		{258AACFE-711C-4725-AE0A-E36A30B97292}.Release|iPhoneSimulator.Build.0 = Release|iPhoneSimulator
		{258AACFE-711C-4725-AE0A-E36A30B97292}.Release|x64.ActiveCfg = Release|iPhone
		{258AACFE-711C-4725-AE0A-E36A30B97292}.Release|x86.ActiveCfg = Release|iPhone
		{F17F545C-E45F-49A8-A243-77903520E535}.Ad-Hoc|Any CPU.ActiveCfg = Release|Any CPU
		{F17F545C-E45F-49A8-A243-77903520E535}.Ad-Hoc|Any CPU.Build.0 = Release|Any CPU
		{F17F545C-E45F-49A8-A243-77903520E535}.Ad-Hoc|Any CPU.Deploy.0 = Release|Any CPU
		{F17F545C-E45F-49A8-A243-77903520E535}.Ad-Hoc|ARM.ActiveCfg = Release|ARM
		{F17F545C-E45F-49A8-A243-77903520E535}.Ad-Hoc|ARM.Build.0 = Release|ARM
		{F17F545C-E45F-49A8-A243-77903520E535}.Ad-Hoc|ARM.Deploy.0 = Release|ARM
		{F17F545C-E45F-49A8-A243-77903520E535}.Ad-Hoc|iPhone.ActiveCfg = Release|Any CPU
		{F17F545C-E45F-49A8-A243-77903520E535}.Ad-Hoc|iPhone.Build.0 = Release|Any CPU
		{F17F545C-E45F-49A8-A243-77903520E535}.Ad-Hoc|iPhone.Deploy.0 = Release|Any CPU
		{F17F545C-E45F-49A8-A243-77903520E535}.Ad-Hoc|iPhoneSimulator.ActiveCfg = Release|Any CPU
		{F17F545C-E45F-49A8-A243-77903520E535}.Ad-Hoc|iPhoneSimulator.Build.0 = Release|Any CPU
		{F17F545C-E45F-49A8-A243-77903520E535}.Ad-Hoc|iPhoneSimulator.Deploy.0 = Release|Any CPU
		{F17F545C-E45F-49A8-A243-77903520E535}.Ad-Hoc|x64.ActiveCfg = Release|Any CPU
		{F17F545C-E45F-49A8-A243-77903520E535}.Ad-Hoc|x64.Build.0 = Release|Any CPU
		{F17F545C-E45F-49A8-A243-77903520E535}.Ad-Hoc|x64.Deploy.0 = Release|Any CPU
		{F17F545C-E45F-49A8-A243-77903520E535}.Ad-Hoc|x86.ActiveCfg = Release|x86
		{F17F545C-E45F-49A8-A243-77903520E535}.Ad-Hoc|x86.Build.0 = Release|x86
		{F17F545C-E45F-49A8-A243-77903520E535}.Ad-Hoc|x86.Deploy.0 = Release|x86
		{F17F545C-E45F-49A8-A243-77903520E535}.AppStore|Any CPU.ActiveCfg = Release|Any CPU
		{F17F545C-E45F-49A8-A243-77903520E535}.AppStore|Any CPU.Build.0 = Release|Any CPU
		{F17F545C-E45F-49A8-A243-77903520E535}.AppStore|Any CPU.Deploy.0 = Release|Any CPU
		{F17F545C-E45F-49A8-A243-77903520E535}.AppStore|ARM.ActiveCfg = Release|ARM
		{F17F545C-E45F-49A8-A243-77903520E535}.AppStore|ARM.Build.0 = Release|ARM
		{F17F545C-E45F-49A8-A243-77903520E535}.AppStore|ARM.Deploy.0 = Release|ARM
		{F17F545C-E45F-49A8-A243-77903520E535}.AppStore|iPhone.ActiveCfg = Release|Any CPU
		{F17F545C-E45F-49A8-A243-77903520E535}.AppStore|iPhone.Build.0 = Release|Any CPU
		{F17F545C-E45F-49A8-A243-77903520E535}.AppStore|iPhone.Deploy.0 = Release|Any CPU
		{F17F545C-E45F-49A8-A243-77903520E535}.AppStore|iPhoneSimulator.ActiveCfg = Release|Any CPU
		{F17F545C-E45F-49A8-A243-77903520E535}.AppStore|iPhoneSimulator.Build.0 = Release|Any CPU
		{F17F545C-E45F-49A8-A243-77903520E535}.AppStore|iPhoneSimulator.Deploy.0 = Release|Any CPU
		{F17F545C-E45F-49A8-A243-77903520E535}.AppStore|x64.ActiveCfg = Release|Any CPU
		{F17F545C-E45F-49A8-A243-77903520E535}.AppStore|x64.Build.0 = Release|Any CPU
		{F17F545C-E45F-49A8-A243-77903520E535}.AppStore|x64.Deploy.0 = Release|Any CPU
		{F17F545C-E45F-49A8-A243-77903520E535}.AppStore|x86.ActiveCfg = Release|x86
		{F17F545C-E45F-49A8-A243-77903520E535}.AppStore|x86.Build.0 = Release|x86
		{F17F545C-E45F-49A8-A243-77903520E535}.AppStore|x86.Deploy.0 = Release|x86
		{F17F545C-E45F-49A8-A243-77903520E535}.Debug|Any CPU.ActiveCfg = Debug|Any CPU
		{F17F545C-E45F-49A8-A243-77903520E535}.Debug|Any CPU.Build.0 = Debug|Any CPU
		{F17F545C-E45F-49A8-A243-77903520E535}.Debug|Any CPU.Deploy.0 = Debug|Any CPU
		{F17F545C-E45F-49A8-A243-77903520E535}.Debug|ARM.ActiveCfg = Debug|ARM
		{F17F545C-E45F-49A8-A243-77903520E535}.Debug|ARM.Build.0 = Debug|ARM
		{F17F545C-E45F-49A8-A243-77903520E535}.Debug|ARM.Deploy.0 = Debug|ARM
		{F17F545C-E45F-49A8-A243-77903520E535}.Debug|iPhone.ActiveCfg = Debug|Any CPU
		{F17F545C-E45F-49A8-A243-77903520E535}.Debug|iPhone.Build.0 = Debug|Any CPU
		{F17F545C-E45F-49A8-A243-77903520E535}.Debug|iPhone.Deploy.0 = Debug|Any CPU
		{F17F545C-E45F-49A8-A243-77903520E535}.Debug|iPhoneSimulator.ActiveCfg = Debug|Any CPU
		{F17F545C-E45F-49A8-A243-77903520E535}.Debug|iPhoneSimulator.Build.0 = Debug|Any CPU
		{F17F545C-E45F-49A8-A243-77903520E535}.Debug|iPhoneSimulator.Deploy.0 = Debug|Any CPU
		{F17F545C-E45F-49A8-A243-77903520E535}.Debug|x64.ActiveCfg = Debug|Any CPU
		{F17F545C-E45F-49A8-A243-77903520E535}.Debug|x64.Build.0 = Debug|Any CPU
		{F17F545C-E45F-49A8-A243-77903520E535}.Debug|x64.Deploy.0 = Debug|Any CPU
		{F17F545C-E45F-49A8-A243-77903520E535}.Debug|x86.ActiveCfg = Debug|x86
		{F17F545C-E45F-49A8-A243-77903520E535}.Debug|x86.Build.0 = Debug|x86
		{F17F545C-E45F-49A8-A243-77903520E535}.Debug|x86.Deploy.0 = Debug|x86
		{F17F545C-E45F-49A8-A243-77903520E535}.Release|Any CPU.ActiveCfg = Release|Any CPU
		{F17F545C-E45F-49A8-A243-77903520E535}.Release|Any CPU.Build.0 = Release|Any CPU
		{F17F545C-E45F-49A8-A243-77903520E535}.Release|Any CPU.Deploy.0 = Release|Any CPU
		{F17F545C-E45F-49A8-A243-77903520E535}.Release|ARM.ActiveCfg = Release|ARM
		{F17F545C-E45F-49A8-A243-77903520E535}.Release|ARM.Build.0 = Release|ARM
		{F17F545C-E45F-49A8-A243-77903520E535}.Release|ARM.Deploy.0 = Release|ARM
		{F17F545C-E45F-49A8-A243-77903520E535}.Release|iPhone.ActiveCfg = Release|Any CPU
		{F17F545C-E45F-49A8-A243-77903520E535}.Release|iPhone.Build.0 = Release|Any CPU
		{F17F545C-E45F-49A8-A243-77903520E535}.Release|iPhone.Deploy.0 = Release|Any CPU
		{F17F545C-E45F-49A8-A243-77903520E535}.Release|iPhoneSimulator.ActiveCfg = Release|Any CPU
		{F17F545C-E45F-49A8-A243-77903520E535}.Release|iPhoneSimulator.Build.0 = Release|Any CPU
		{F17F545C-E45F-49A8-A243-77903520E535}.Release|iPhoneSimulator.Deploy.0 = Release|Any CPU
		{F17F545C-E45F-49A8-A243-77903520E535}.Release|x64.ActiveCfg = Release|Any CPU
		{F17F545C-E45F-49A8-A243-77903520E535}.Release|x64.Build.0 = Release|Any CPU
		{F17F545C-E45F-49A8-A243-77903520E535}.Release|x64.Deploy.0 = Release|Any CPU
		{F17F545C-E45F-49A8-A243-77903520E535}.Release|x86.ActiveCfg = Release|x86
		{F17F545C-E45F-49A8-A243-77903520E535}.Release|x86.Build.0 = Release|x86
		{F17F545C-E45F-49A8-A243-77903520E535}.Release|x86.Deploy.0 = Release|x86
		{01D86554-7591-4D93-B7F7-5C44E7AFAEA5}.Ad-Hoc|Any CPU.ActiveCfg = Release|x86
		{01D86554-7591-4D93-B7F7-5C44E7AFAEA5}.Ad-Hoc|Any CPU.Build.0 = Release|x86
		{01D86554-7591-4D93-B7F7-5C44E7AFAEA5}.Ad-Hoc|Any CPU.Deploy.0 = Release|x86
		{01D86554-7591-4D93-B7F7-5C44E7AFAEA5}.Ad-Hoc|ARM.ActiveCfg = Release|ARM
		{01D86554-7591-4D93-B7F7-5C44E7AFAEA5}.Ad-Hoc|ARM.Build.0 = Release|ARM
		{01D86554-7591-4D93-B7F7-5C44E7AFAEA5}.Ad-Hoc|ARM.Deploy.0 = Release|ARM
		{01D86554-7591-4D93-B7F7-5C44E7AFAEA5}.Ad-Hoc|iPhone.ActiveCfg = Release|x86
		{01D86554-7591-4D93-B7F7-5C44E7AFAEA5}.Ad-Hoc|iPhone.Build.0 = Release|x86
		{01D86554-7591-4D93-B7F7-5C44E7AFAEA5}.Ad-Hoc|iPhone.Deploy.0 = Release|x86
		{01D86554-7591-4D93-B7F7-5C44E7AFAEA5}.Ad-Hoc|iPhoneSimulator.ActiveCfg = Release|x86
		{01D86554-7591-4D93-B7F7-5C44E7AFAEA5}.Ad-Hoc|iPhoneSimulator.Build.0 = Release|x86
		{01D86554-7591-4D93-B7F7-5C44E7AFAEA5}.Ad-Hoc|iPhoneSimulator.Deploy.0 = Release|x86
		{01D86554-7591-4D93-B7F7-5C44E7AFAEA5}.Ad-Hoc|x64.ActiveCfg = Release|x64
		{01D86554-7591-4D93-B7F7-5C44E7AFAEA5}.Ad-Hoc|x64.Build.0 = Release|x64
		{01D86554-7591-4D93-B7F7-5C44E7AFAEA5}.Ad-Hoc|x64.Deploy.0 = Release|x64
		{01D86554-7591-4D93-B7F7-5C44E7AFAEA5}.Ad-Hoc|x86.ActiveCfg = Release|x86
		{01D86554-7591-4D93-B7F7-5C44E7AFAEA5}.Ad-Hoc|x86.Build.0 = Release|x86
		{01D86554-7591-4D93-B7F7-5C44E7AFAEA5}.Ad-Hoc|x86.Deploy.0 = Release|x86
		{01D86554-7591-4D93-B7F7-5C44E7AFAEA5}.AppStore|Any CPU.ActiveCfg = Release|x86
		{01D86554-7591-4D93-B7F7-5C44E7AFAEA5}.AppStore|Any CPU.Build.0 = Release|x86
		{01D86554-7591-4D93-B7F7-5C44E7AFAEA5}.AppStore|Any CPU.Deploy.0 = Release|x86
		{01D86554-7591-4D93-B7F7-5C44E7AFAEA5}.AppStore|ARM.ActiveCfg = Release|ARM
		{01D86554-7591-4D93-B7F7-5C44E7AFAEA5}.AppStore|ARM.Build.0 = Release|ARM
		{01D86554-7591-4D93-B7F7-5C44E7AFAEA5}.AppStore|ARM.Deploy.0 = Release|ARM
		{01D86554-7591-4D93-B7F7-5C44E7AFAEA5}.AppStore|iPhone.ActiveCfg = Release|x86
		{01D86554-7591-4D93-B7F7-5C44E7AFAEA5}.AppStore|iPhone.Build.0 = Release|x86
		{01D86554-7591-4D93-B7F7-5C44E7AFAEA5}.AppStore|iPhone.Deploy.0 = Release|x86
		{01D86554-7591-4D93-B7F7-5C44E7AFAEA5}.AppStore|iPhoneSimulator.ActiveCfg = Release|x86
		{01D86554-7591-4D93-B7F7-5C44E7AFAEA5}.AppStore|iPhoneSimulator.Build.0 = Release|x86
		{01D86554-7591-4D93-B7F7-5C44E7AFAEA5}.AppStore|iPhoneSimulator.Deploy.0 = Release|x86
		{01D86554-7591-4D93-B7F7-5C44E7AFAEA5}.AppStore|x64.ActiveCfg = Release|x64
		{01D86554-7591-4D93-B7F7-5C44E7AFAEA5}.AppStore|x64.Build.0 = Release|x64
		{01D86554-7591-4D93-B7F7-5C44E7AFAEA5}.AppStore|x64.Deploy.0 = Release|x64
		{01D86554-7591-4D93-B7F7-5C44E7AFAEA5}.AppStore|x86.ActiveCfg = Release|x86
		{01D86554-7591-4D93-B7F7-5C44E7AFAEA5}.AppStore|x86.Build.0 = Release|x86
		{01D86554-7591-4D93-B7F7-5C44E7AFAEA5}.AppStore|x86.Deploy.0 = Release|x86
		{01D86554-7591-4D93-B7F7-5C44E7AFAEA5}.Debug|Any CPU.ActiveCfg = Debug|x86
		{01D86554-7591-4D93-B7F7-5C44E7AFAEA5}.Debug|Any CPU.Build.0 = Debug|x86
		{01D86554-7591-4D93-B7F7-5C44E7AFAEA5}.Debug|Any CPU.Deploy.0 = Debug|x86
		{01D86554-7591-4D93-B7F7-5C44E7AFAEA5}.Debug|ARM.ActiveCfg = Debug|ARM
		{01D86554-7591-4D93-B7F7-5C44E7AFAEA5}.Debug|ARM.Build.0 = Debug|ARM
		{01D86554-7591-4D93-B7F7-5C44E7AFAEA5}.Debug|ARM.Deploy.0 = Debug|ARM
		{01D86554-7591-4D93-B7F7-5C44E7AFAEA5}.Debug|iPhone.ActiveCfg = Debug|x86
		{01D86554-7591-4D93-B7F7-5C44E7AFAEA5}.Debug|iPhoneSimulator.ActiveCfg = Debug|x86
		{01D86554-7591-4D93-B7F7-5C44E7AFAEA5}.Debug|x64.ActiveCfg = Debug|x64
		{01D86554-7591-4D93-B7F7-5C44E7AFAEA5}.Debug|x64.Build.0 = Debug|x64
		{01D86554-7591-4D93-B7F7-5C44E7AFAEA5}.Debug|x64.Deploy.0 = Debug|x64
		{01D86554-7591-4D93-B7F7-5C44E7AFAEA5}.Debug|x86.ActiveCfg = Debug|x86
		{01D86554-7591-4D93-B7F7-5C44E7AFAEA5}.Debug|x86.Build.0 = Debug|x86
		{01D86554-7591-4D93-B7F7-5C44E7AFAEA5}.Debug|x86.Deploy.0 = Debug|x86
		{01D86554-7591-4D93-B7F7-5C44E7AFAEA5}.Release|Any CPU.ActiveCfg = Release|x86
		{01D86554-7591-4D93-B7F7-5C44E7AFAEA5}.Release|ARM.ActiveCfg = Release|ARM
		{01D86554-7591-4D93-B7F7-5C44E7AFAEA5}.Release|ARM.Build.0 = Release|ARM
		{01D86554-7591-4D93-B7F7-5C44E7AFAEA5}.Release|ARM.Deploy.0 = Release|ARM
		{01D86554-7591-4D93-B7F7-5C44E7AFAEA5}.Release|iPhone.ActiveCfg = Release|x86
		{01D86554-7591-4D93-B7F7-5C44E7AFAEA5}.Release|iPhoneSimulator.ActiveCfg = Release|x86
		{01D86554-7591-4D93-B7F7-5C44E7AFAEA5}.Release|x64.ActiveCfg = Release|x64
		{01D86554-7591-4D93-B7F7-5C44E7AFAEA5}.Release|x64.Build.0 = Release|x64
		{01D86554-7591-4D93-B7F7-5C44E7AFAEA5}.Release|x64.Deploy.0 = Release|x64
		{01D86554-7591-4D93-B7F7-5C44E7AFAEA5}.Release|x86.ActiveCfg = Release|x86
		{01D86554-7591-4D93-B7F7-5C44E7AFAEA5}.Release|x86.Build.0 = Release|x86
		{01D86554-7591-4D93-B7F7-5C44E7AFAEA5}.Release|x86.Deploy.0 = Release|x86
		{6B5BFBE9-8040-4223-8002-FD1299183665}.Ad-Hoc|Any CPU.ActiveCfg = Release|Any CPU
		{6B5BFBE9-8040-4223-8002-FD1299183665}.Ad-Hoc|Any CPU.Build.0 = Release|Any CPU
		{6B5BFBE9-8040-4223-8002-FD1299183665}.Ad-Hoc|Any CPU.Deploy.0 = Release|Any CPU
		{6B5BFBE9-8040-4223-8002-FD1299183665}.Ad-Hoc|ARM.ActiveCfg = Release|ARM
		{6B5BFBE9-8040-4223-8002-FD1299183665}.Ad-Hoc|ARM.Build.0 = Release|ARM
		{6B5BFBE9-8040-4223-8002-FD1299183665}.Ad-Hoc|ARM.Deploy.0 = Release|ARM
		{6B5BFBE9-8040-4223-8002-FD1299183665}.Ad-Hoc|iPhone.ActiveCfg = Release|Any CPU
		{6B5BFBE9-8040-4223-8002-FD1299183665}.Ad-Hoc|iPhone.Build.0 = Release|Any CPU
		{6B5BFBE9-8040-4223-8002-FD1299183665}.Ad-Hoc|iPhone.Deploy.0 = Release|Any CPU
		{6B5BFBE9-8040-4223-8002-FD1299183665}.Ad-Hoc|iPhoneSimulator.ActiveCfg = Release|Any CPU
		{6B5BFBE9-8040-4223-8002-FD1299183665}.Ad-Hoc|iPhoneSimulator.Build.0 = Release|Any CPU
		{6B5BFBE9-8040-4223-8002-FD1299183665}.Ad-Hoc|iPhoneSimulator.Deploy.0 = Release|Any CPU
		{6B5BFBE9-8040-4223-8002-FD1299183665}.Ad-Hoc|x64.ActiveCfg = Release|x64
		{6B5BFBE9-8040-4223-8002-FD1299183665}.Ad-Hoc|x64.Build.0 = Release|x64
		{6B5BFBE9-8040-4223-8002-FD1299183665}.Ad-Hoc|x64.Deploy.0 = Release|x64
		{6B5BFBE9-8040-4223-8002-FD1299183665}.Ad-Hoc|x86.ActiveCfg = Release|x86
		{6B5BFBE9-8040-4223-8002-FD1299183665}.Ad-Hoc|x86.Build.0 = Release|x86
		{6B5BFBE9-8040-4223-8002-FD1299183665}.Ad-Hoc|x86.Deploy.0 = Release|x86
		{6B5BFBE9-8040-4223-8002-FD1299183665}.AppStore|Any CPU.ActiveCfg = Release|Any CPU
		{6B5BFBE9-8040-4223-8002-FD1299183665}.AppStore|Any CPU.Build.0 = Release|Any CPU
		{6B5BFBE9-8040-4223-8002-FD1299183665}.AppStore|Any CPU.Deploy.0 = Release|Any CPU
		{6B5BFBE9-8040-4223-8002-FD1299183665}.AppStore|ARM.ActiveCfg = Release|ARM
		{6B5BFBE9-8040-4223-8002-FD1299183665}.AppStore|ARM.Build.0 = Release|ARM
		{6B5BFBE9-8040-4223-8002-FD1299183665}.AppStore|ARM.Deploy.0 = Release|ARM
		{6B5BFBE9-8040-4223-8002-FD1299183665}.AppStore|iPhone.ActiveCfg = Release|Any CPU
		{6B5BFBE9-8040-4223-8002-FD1299183665}.AppStore|iPhone.Build.0 = Release|Any CPU
		{6B5BFBE9-8040-4223-8002-FD1299183665}.AppStore|iPhone.Deploy.0 = Release|Any CPU
		{6B5BFBE9-8040-4223-8002-FD1299183665}.AppStore|iPhoneSimulator.ActiveCfg = Release|Any CPU
		{6B5BFBE9-8040-4223-8002-FD1299183665}.AppStore|iPhoneSimulator.Build.0 = Release|Any CPU
		{6B5BFBE9-8040-4223-8002-FD1299183665}.AppStore|iPhoneSimulator.Deploy.0 = Release|Any CPU
		{6B5BFBE9-8040-4223-8002-FD1299183665}.AppStore|x64.ActiveCfg = Release|x64
		{6B5BFBE9-8040-4223-8002-FD1299183665}.AppStore|x64.Build.0 = Release|x64
		{6B5BFBE9-8040-4223-8002-FD1299183665}.AppStore|x64.Deploy.0 = Release|x64
		{6B5BFBE9-8040-4223-8002-FD1299183665}.AppStore|x86.ActiveCfg = Release|x86
		{6B5BFBE9-8040-4223-8002-FD1299183665}.AppStore|x86.Build.0 = Release|x86
		{6B5BFBE9-8040-4223-8002-FD1299183665}.AppStore|x86.Deploy.0 = Release|x86
		{6B5BFBE9-8040-4223-8002-FD1299183665}.Debug|Any CPU.ActiveCfg = Debug|Any CPU
		{6B5BFBE9-8040-4223-8002-FD1299183665}.Debug|Any CPU.Build.0 = Debug|Any CPU
		{6B5BFBE9-8040-4223-8002-FD1299183665}.Debug|Any CPU.Deploy.0 = Debug|Any CPU
		{6B5BFBE9-8040-4223-8002-FD1299183665}.Debug|ARM.ActiveCfg = Debug|ARM
		{6B5BFBE9-8040-4223-8002-FD1299183665}.Debug|ARM.Build.0 = Debug|ARM
		{6B5BFBE9-8040-4223-8002-FD1299183665}.Debug|ARM.Deploy.0 = Debug|ARM
		{6B5BFBE9-8040-4223-8002-FD1299183665}.Debug|iPhone.ActiveCfg = Debug|Any CPU
		{6B5BFBE9-8040-4223-8002-FD1299183665}.Debug|iPhone.Build.0 = Debug|Any CPU
		{6B5BFBE9-8040-4223-8002-FD1299183665}.Debug|iPhone.Deploy.0 = Debug|Any CPU
		{6B5BFBE9-8040-4223-8002-FD1299183665}.Debug|iPhoneSimulator.ActiveCfg = Debug|Any CPU
		{6B5BFBE9-8040-4223-8002-FD1299183665}.Debug|iPhoneSimulator.Build.0 = Debug|Any CPU
		{6B5BFBE9-8040-4223-8002-FD1299183665}.Debug|iPhoneSimulator.Deploy.0 = Debug|Any CPU
		{6B5BFBE9-8040-4223-8002-FD1299183665}.Debug|x64.ActiveCfg = Debug|x64
		{6B5BFBE9-8040-4223-8002-FD1299183665}.Debug|x64.Build.0 = Debug|x64
		{6B5BFBE9-8040-4223-8002-FD1299183665}.Debug|x64.Deploy.0 = Debug|x64
		{6B5BFBE9-8040-4223-8002-FD1299183665}.Debug|x86.ActiveCfg = Debug|x86
		{6B5BFBE9-8040-4223-8002-FD1299183665}.Debug|x86.Build.0 = Debug|x86
		{6B5BFBE9-8040-4223-8002-FD1299183665}.Debug|x86.Deploy.0 = Debug|x86
		{6B5BFBE9-8040-4223-8002-FD1299183665}.Release|Any CPU.ActiveCfg = Release|Any CPU
		{6B5BFBE9-8040-4223-8002-FD1299183665}.Release|Any CPU.Build.0 = Release|Any CPU
		{6B5BFBE9-8040-4223-8002-FD1299183665}.Release|Any CPU.Deploy.0 = Release|Any CPU
		{6B5BFBE9-8040-4223-8002-FD1299183665}.Release|ARM.ActiveCfg = Release|ARM
		{6B5BFBE9-8040-4223-8002-FD1299183665}.Release|ARM.Build.0 = Release|ARM
		{6B5BFBE9-8040-4223-8002-FD1299183665}.Release|ARM.Deploy.0 = Release|ARM
		{6B5BFBE9-8040-4223-8002-FD1299183665}.Release|iPhone.ActiveCfg = Release|Any CPU
		{6B5BFBE9-8040-4223-8002-FD1299183665}.Release|iPhone.Build.0 = Release|Any CPU
		{6B5BFBE9-8040-4223-8002-FD1299183665}.Release|iPhone.Deploy.0 = Release|Any CPU
		{6B5BFBE9-8040-4223-8002-FD1299183665}.Release|iPhoneSimulator.ActiveCfg = Release|Any CPU
		{6B5BFBE9-8040-4223-8002-FD1299183665}.Release|iPhoneSimulator.Build.0 = Release|Any CPU
		{6B5BFBE9-8040-4223-8002-FD1299183665}.Release|iPhoneSimulator.Deploy.0 = Release|Any CPU
		{6B5BFBE9-8040-4223-8002-FD1299183665}.Release|x64.ActiveCfg = Release|x64
		{6B5BFBE9-8040-4223-8002-FD1299183665}.Release|x64.Build.0 = Release|x64
		{6B5BFBE9-8040-4223-8002-FD1299183665}.Release|x64.Deploy.0 = Release|x64
		{6B5BFBE9-8040-4223-8002-FD1299183665}.Release|x86.ActiveCfg = Release|x86
		{6B5BFBE9-8040-4223-8002-FD1299183665}.Release|x86.Build.0 = Release|x86
		{6B5BFBE9-8040-4223-8002-FD1299183665}.Release|x86.Deploy.0 = Release|x86
		{7E3E387A-9EE6-461C-A168-D7F80769E86B}.Ad-Hoc|Any CPU.ActiveCfg = Release|Any CPU
		{7E3E387A-9EE6-461C-A168-D7F80769E86B}.Ad-Hoc|Any CPU.Build.0 = Release|Any CPU
		{7E3E387A-9EE6-461C-A168-D7F80769E86B}.Ad-Hoc|ARM.ActiveCfg = Release|Any CPU
		{7E3E387A-9EE6-461C-A168-D7F80769E86B}.Ad-Hoc|ARM.Build.0 = Release|Any CPU
		{7E3E387A-9EE6-461C-A168-D7F80769E86B}.Ad-Hoc|iPhone.ActiveCfg = Release|Any CPU
		{7E3E387A-9EE6-461C-A168-D7F80769E86B}.Ad-Hoc|iPhone.Build.0 = Release|Any CPU
		{7E3E387A-9EE6-461C-A168-D7F80769E86B}.Ad-Hoc|iPhoneSimulator.ActiveCfg = Release|Any CPU
		{7E3E387A-9EE6-461C-A168-D7F80769E86B}.Ad-Hoc|iPhoneSimulator.Build.0 = Release|Any CPU
		{7E3E387A-9EE6-461C-A168-D7F80769E86B}.Ad-Hoc|x64.ActiveCfg = Release|Any CPU
		{7E3E387A-9EE6-461C-A168-D7F80769E86B}.Ad-Hoc|x64.Build.0 = Release|Any CPU
		{7E3E387A-9EE6-461C-A168-D7F80769E86B}.Ad-Hoc|x86.ActiveCfg = Release|Any CPU
		{7E3E387A-9EE6-461C-A168-D7F80769E86B}.Ad-Hoc|x86.Build.0 = Release|Any CPU
		{7E3E387A-9EE6-461C-A168-D7F80769E86B}.AppStore|Any CPU.ActiveCfg = Release|Any CPU
		{7E3E387A-9EE6-461C-A168-D7F80769E86B}.AppStore|Any CPU.Build.0 = Release|Any CPU
		{7E3E387A-9EE6-461C-A168-D7F80769E86B}.AppStore|ARM.ActiveCfg = Release|Any CPU
		{7E3E387A-9EE6-461C-A168-D7F80769E86B}.AppStore|ARM.Build.0 = Release|Any CPU
		{7E3E387A-9EE6-461C-A168-D7F80769E86B}.AppStore|iPhone.ActiveCfg = Release|Any CPU
		{7E3E387A-9EE6-461C-A168-D7F80769E86B}.AppStore|iPhone.Build.0 = Release|Any CPU
		{7E3E387A-9EE6-461C-A168-D7F80769E86B}.AppStore|iPhoneSimulator.ActiveCfg = Release|Any CPU
		{7E3E387A-9EE6-461C-A168-D7F80769E86B}.AppStore|iPhoneSimulator.Build.0 = Release|Any CPU
		{7E3E387A-9EE6-461C-A168-D7F80769E86B}.AppStore|x64.ActiveCfg = Release|Any CPU
		{7E3E387A-9EE6-461C-A168-D7F80769E86B}.AppStore|x64.Build.0 = Release|Any CPU
		{7E3E387A-9EE6-461C-A168-D7F80769E86B}.AppStore|x86.ActiveCfg = Release|Any CPU
		{7E3E387A-9EE6-461C-A168-D7F80769E86B}.AppStore|x86.Build.0 = Release|Any CPU
		{7E3E387A-9EE6-461C-A168-D7F80769E86B}.Debug|Any CPU.ActiveCfg = Debug|Any CPU
		{7E3E387A-9EE6-461C-A168-D7F80769E86B}.Debug|Any CPU.Build.0 = Debug|Any CPU
		{7E3E387A-9EE6-461C-A168-D7F80769E86B}.Debug|ARM.ActiveCfg = Debug|Any CPU
		{7E3E387A-9EE6-461C-A168-D7F80769E86B}.Debug|ARM.Build.0 = Debug|Any CPU
		{7E3E387A-9EE6-461C-A168-D7F80769E86B}.Debug|iPhone.ActiveCfg = Debug|Any CPU
		{7E3E387A-9EE6-461C-A168-D7F80769E86B}.Debug|iPhone.Build.0 = Debug|Any CPU
		{7E3E387A-9EE6-461C-A168-D7F80769E86B}.Debug|iPhoneSimulator.ActiveCfg = Debug|Any CPU
		{7E3E387A-9EE6-461C-A168-D7F80769E86B}.Debug|iPhoneSimulator.Build.0 = Debug|Any CPU
		{7E3E387A-9EE6-461C-A168-D7F80769E86B}.Debug|x64.ActiveCfg = Debug|Any CPU
		{7E3E387A-9EE6-461C-A168-D7F80769E86B}.Debug|x64.Build.0 = Debug|Any CPU
		{7E3E387A-9EE6-461C-A168-D7F80769E86B}.Debug|x86.ActiveCfg = Debug|Any CPU
		{7E3E387A-9EE6-461C-A168-D7F80769E86B}.Debug|x86.Build.0 = Debug|Any CPU
		{7E3E387A-9EE6-461C-A168-D7F80769E86B}.Release|Any CPU.ActiveCfg = Release|Any CPU
		{7E3E387A-9EE6-461C-A168-D7F80769E86B}.Release|Any CPU.Build.0 = Release|Any CPU
		{7E3E387A-9EE6-461C-A168-D7F80769E86B}.Release|ARM.ActiveCfg = Release|Any CPU
		{7E3E387A-9EE6-461C-A168-D7F80769E86B}.Release|ARM.Build.0 = Release|Any CPU
		{7E3E387A-9EE6-461C-A168-D7F80769E86B}.Release|iPhone.ActiveCfg = Release|Any CPU
		{7E3E387A-9EE6-461C-A168-D7F80769E86B}.Release|iPhone.Build.0 = Release|Any CPU
		{7E3E387A-9EE6-461C-A168-D7F80769E86B}.Release|iPhoneSimulator.ActiveCfg = Release|Any CPU
		{7E3E387A-9EE6-461C-A168-D7F80769E86B}.Release|iPhoneSimulator.Build.0 = Release|Any CPU
		{7E3E387A-9EE6-461C-A168-D7F80769E86B}.Release|x64.ActiveCfg = Release|Any CPU
		{7E3E387A-9EE6-461C-A168-D7F80769E86B}.Release|x64.Build.0 = Release|Any CPU
		{7E3E387A-9EE6-461C-A168-D7F80769E86B}.Release|x86.ActiveCfg = Release|Any CPU
		{7E3E387A-9EE6-461C-A168-D7F80769E86B}.Release|x86.Build.0 = Release|Any CPU
		{6FE6F7A0-379B-4DA7-8662-5FE20B1AD9DF}.Ad-Hoc|Any CPU.ActiveCfg = Release|Any CPU
		{6FE6F7A0-379B-4DA7-8662-5FE20B1AD9DF}.Ad-Hoc|Any CPU.Build.0 = Release|Any CPU
		{6FE6F7A0-379B-4DA7-8662-5FE20B1AD9DF}.Ad-Hoc|ARM.ActiveCfg = Release|Any CPU
		{6FE6F7A0-379B-4DA7-8662-5FE20B1AD9DF}.Ad-Hoc|ARM.Build.0 = Release|Any CPU
		{6FE6F7A0-379B-4DA7-8662-5FE20B1AD9DF}.Ad-Hoc|iPhone.ActiveCfg = Release|Any CPU
		{6FE6F7A0-379B-4DA7-8662-5FE20B1AD9DF}.Ad-Hoc|iPhone.Build.0 = Release|Any CPU
		{6FE6F7A0-379B-4DA7-8662-5FE20B1AD9DF}.Ad-Hoc|iPhoneSimulator.ActiveCfg = Release|Any CPU
		{6FE6F7A0-379B-4DA7-8662-5FE20B1AD9DF}.Ad-Hoc|iPhoneSimulator.Build.0 = Release|Any CPU
		{6FE6F7A0-379B-4DA7-8662-5FE20B1AD9DF}.Ad-Hoc|x64.ActiveCfg = Release|Any CPU
		{6FE6F7A0-379B-4DA7-8662-5FE20B1AD9DF}.Ad-Hoc|x64.Build.0 = Release|Any CPU
		{6FE6F7A0-379B-4DA7-8662-5FE20B1AD9DF}.Ad-Hoc|x86.ActiveCfg = Release|Any CPU
		{6FE6F7A0-379B-4DA7-8662-5FE20B1AD9DF}.Ad-Hoc|x86.Build.0 = Release|Any CPU
		{6FE6F7A0-379B-4DA7-8662-5FE20B1AD9DF}.AppStore|Any CPU.ActiveCfg = Release|Any CPU
		{6FE6F7A0-379B-4DA7-8662-5FE20B1AD9DF}.AppStore|Any CPU.Build.0 = Release|Any CPU
		{6FE6F7A0-379B-4DA7-8662-5FE20B1AD9DF}.AppStore|ARM.ActiveCfg = Release|Any CPU
		{6FE6F7A0-379B-4DA7-8662-5FE20B1AD9DF}.AppStore|ARM.Build.0 = Release|Any CPU
		{6FE6F7A0-379B-4DA7-8662-5FE20B1AD9DF}.AppStore|iPhone.ActiveCfg = Release|Any CPU
		{6FE6F7A0-379B-4DA7-8662-5FE20B1AD9DF}.AppStore|iPhone.Build.0 = Release|Any CPU
		{6FE6F7A0-379B-4DA7-8662-5FE20B1AD9DF}.AppStore|iPhoneSimulator.ActiveCfg = Release|Any CPU
		{6FE6F7A0-379B-4DA7-8662-5FE20B1AD9DF}.AppStore|iPhoneSimulator.Build.0 = Release|Any CPU
		{6FE6F7A0-379B-4DA7-8662-5FE20B1AD9DF}.AppStore|x64.ActiveCfg = Release|Any CPU
		{6FE6F7A0-379B-4DA7-8662-5FE20B1AD9DF}.AppStore|x64.Build.0 = Release|Any CPU
		{6FE6F7A0-379B-4DA7-8662-5FE20B1AD9DF}.AppStore|x86.ActiveCfg = Release|Any CPU
		{6FE6F7A0-379B-4DA7-8662-5FE20B1AD9DF}.AppStore|x86.Build.0 = Release|Any CPU
		{6FE6F7A0-379B-4DA7-8662-5FE20B1AD9DF}.Debug|Any CPU.ActiveCfg = Debug|Any CPU
		{6FE6F7A0-379B-4DA7-8662-5FE20B1AD9DF}.Debug|Any CPU.Build.0 = Debug|Any CPU
		{6FE6F7A0-379B-4DA7-8662-5FE20B1AD9DF}.Debug|ARM.ActiveCfg = Debug|Any CPU
		{6FE6F7A0-379B-4DA7-8662-5FE20B1AD9DF}.Debug|ARM.Build.0 = Debug|Any CPU
		{6FE6F7A0-379B-4DA7-8662-5FE20B1AD9DF}.Debug|iPhone.ActiveCfg = Debug|Any CPU
		{6FE6F7A0-379B-4DA7-8662-5FE20B1AD9DF}.Debug|iPhone.Build.0 = Debug|Any CPU
		{6FE6F7A0-379B-4DA7-8662-5FE20B1AD9DF}.Debug|iPhoneSimulator.ActiveCfg = Debug|Any CPU
		{6FE6F7A0-379B-4DA7-8662-5FE20B1AD9DF}.Debug|iPhoneSimulator.Build.0 = Debug|Any CPU
		{6FE6F7A0-379B-4DA7-8662-5FE20B1AD9DF}.Debug|x64.ActiveCfg = Debug|Any CPU
		{6FE6F7A0-379B-4DA7-8662-5FE20B1AD9DF}.Debug|x64.Build.0 = Debug|Any CPU
		{6FE6F7A0-379B-4DA7-8662-5FE20B1AD9DF}.Debug|x86.ActiveCfg = Debug|Any CPU
		{6FE6F7A0-379B-4DA7-8662-5FE20B1AD9DF}.Debug|x86.Build.0 = Debug|Any CPU
		{6FE6F7A0-379B-4DA7-8662-5FE20B1AD9DF}.Release|Any CPU.ActiveCfg = Release|Any CPU
		{6FE6F7A0-379B-4DA7-8662-5FE20B1AD9DF}.Release|Any CPU.Build.0 = Release|Any CPU
		{6FE6F7A0-379B-4DA7-8662-5FE20B1AD9DF}.Release|ARM.ActiveCfg = Release|Any CPU
		{6FE6F7A0-379B-4DA7-8662-5FE20B1AD9DF}.Release|ARM.Build.0 = Release|Any CPU
		{6FE6F7A0-379B-4DA7-8662-5FE20B1AD9DF}.Release|iPhone.ActiveCfg = Release|Any CPU
		{6FE6F7A0-379B-4DA7-8662-5FE20B1AD9DF}.Release|iPhone.Build.0 = Release|Any CPU
		{6FE6F7A0-379B-4DA7-8662-5FE20B1AD9DF}.Release|iPhoneSimulator.ActiveCfg = Release|Any CPU
		{6FE6F7A0-379B-4DA7-8662-5FE20B1AD9DF}.Release|iPhoneSimulator.Build.0 = Release|Any CPU
		{6FE6F7A0-379B-4DA7-8662-5FE20B1AD9DF}.Release|x64.ActiveCfg = Release|Any CPU
		{6FE6F7A0-379B-4DA7-8662-5FE20B1AD9DF}.Release|x64.Build.0 = Release|Any CPU
		{6FE6F7A0-379B-4DA7-8662-5FE20B1AD9DF}.Release|x86.ActiveCfg = Release|Any CPU
		{6FE6F7A0-379B-4DA7-8662-5FE20B1AD9DF}.Release|x86.Build.0 = Release|Any CPU
	EndGlobalSection
	GlobalSection(SolutionProperties) = preSolution
		HideSolutionNode = FALSE
	EndGlobalSection
EndGlobal
